{"version":4,"terraform_version":"1.11.4","serial":50,"lineage":"c0b0349a-b994-6afb-8f26-5d7000f0ee8b","outputs":{"talos_image_factory_url":{"value":"https://factory.talos.dev/?arch=amd64\u0026extensions=siderolabs%2Fbinfmt-misc\u0026extensions=siderolabs%2Fqemu-guest-agent\u0026platform=nocloud\u0026target=cloud\u0026version=1.12.2","type":"string"},"talos_image_path":{"value":"./images/talos-94114f5dbe67331c4f9b2be0eac92deb1575d3edd3cd2a59ec1731c2ad430d78-v1.12.2-nocloud-amd64.qcow2","type":"string"},"talos_image_url":{"value":"https://factory.talos.dev/image/94114f5dbe67331c4f9b2be0eac92deb1575d3edd3cd2a59ec1731c2ad430d78/v1.12.2/nocloud-amd64.qcow2","type":"string"},"talos_schematic_id":{"value":"94114f5dbe67331c4f9b2be0eac92deb1575d3edd3cd2a59ec1731c2ad430d78","type":"string"}},"resources":[{"mode":"data","type":"talos_image_factory_extensions_versions","name":"this","provider":"provider[\"registry.opentofu.org/siderolabs/talos\"]","instances":[{"schema_version":0,"attributes":{"extensions_info":[{"author":"Serge Logvinov","description":"[extra] This system extension provides kernel module driver for binfmt-misc built against a specific Talos version.\n","digest":"sha256:cac76f6ef90f326809cfcb10d613accaffcc0839ea0268a07bea458fca3294f5","name":"siderolabs/binfmt-misc","ref":"ghcr.io/siderolabs/binfmt-misc:v1.12.2"},{"author":"Markus Reiter","description":"[extra] This system extension provides the QEMU Guest Agent service.\n","digest":"sha256:6bc166eab4b5f1b88c4ddece0a898c6aee4bf9e3dcb8f97917ae0fc204b6242e","name":"siderolabs/qemu-guest-agent","ref":"ghcr.io/siderolabs/qemu-guest-agent:10.2.0"}],"filters":{"names":["siderolabs/binfmt-misc","siderolabs/qemu-guest-agent"]},"id":"extensions_info","talos_version":"v1.12.2"},"sensitive_attributes":[]}]},{"mode":"managed","type":"libvirt_domain","name":"control_plane","provider":"provider[\"registry.opentofu.org/dmacvicar/libvirt\"]","instances":[{"index_key":"talos-cp-1","schema_version":0,"attributes":{"arch":"x86_64","autostart":false,"boot_device":[],"cloudinit":null,"cmdline":null,"console":[{"source_host":"127.0.0.1","source_path":"","source_service":"0","target_port":"0","target_type":"serial","type":"pty"}],"coreos_ignition":null,"cpu":[{"mode":"host-passthrough"}],"description":"","disk":[{"block_device":"","file":"","scsi":false,"url":"","volume_id":"/var/lib/vms/mid-pool/talos-cp-1-disk.qcow2","wwn":""}],"emulator":"/usr/bin/qemu-system-x86_64","filesystem":[],"firmware":null,"fw_cfg_name":"opt/com.coreos/config","graphics":[{"autoport":true,"listen_address":"127.0.0.1","listen_type":"address","type":"spice","websocket":0}],"id":"4b74c3ae-8db0-4d1a-944b-3f4fdf11033b","initrd":"","kernel":"","machine":"pc","memory":1024,"metadata":null,"name":"talos-cp-1","network_interface":[{"addresses":["192.168.100.216"],"bridge":"","hostname":"","mac":"52:54:00:EA:35:E3","macvtap":"","network_id":"10efbace-6401-44af-b1f8-eabdfb7a8671","network_name":"talos-network","passthrough":"","private":"","vepa":"","wait_for_lease":true}],"nvram":null,"qemu_agent":false,"running":true,"timeouts":null,"tpm":[],"type":"kvm","vcpu":2,"video":[],"xml":[]},"sensitive_attributes":[],"private":"eyJlMmJmYjczMC1lY2FhLTExZTYtOGY4OC0zNDM2M2JjN2M0YzAiOnsiY3JlYXRlIjozMDAwMDAwMDAwMDB9fQ==","dependencies":["libvirt_network.talos_network","libvirt_volume.cp_disk","libvirt_volume.talos_base","talos_image_factory_schematic.this","utility_file_downloader.talos_image"]},{"index_key":"talos-cp-2","schema_version":0,"attributes":{"arch":"x86_64","autostart":false,"boot_device":[],"cloudinit":null,"cmdline":null,"console":[{"source_host":"127.0.0.1","source_path":"","source_service":"0","target_port":"0","target_type":"serial","type":"pty"}],"coreos_ignition":null,"cpu":[{"mode":"host-passthrough"}],"description":"","disk":[{"block_device":"","file":"","scsi":false,"url":"","volume_id":"/var/lib/vms/mid-pool/talos-cp-2-disk.qcow2","wwn":""}],"emulator":"/usr/bin/qemu-system-x86_64","filesystem":[],"firmware":null,"fw_cfg_name":"opt/com.coreos/config","graphics":[{"autoport":true,"listen_address":"127.0.0.1","listen_type":"address","type":"spice","websocket":0}],"id":"f049d361-7356-4a85-a29b-33d48623e1d8","initrd":"","kernel":"","machine":"pc","memory":1024,"metadata":null,"name":"talos-cp-2","network_interface":[{"addresses":["192.168.100.68"],"bridge":"","hostname":"","mac":"52:54:00:66:63:A6","macvtap":"","network_id":"10efbace-6401-44af-b1f8-eabdfb7a8671","network_name":"talos-network","passthrough":"","private":"","vepa":"","wait_for_lease":true}],"nvram":null,"qemu_agent":false,"running":true,"timeouts":null,"tpm":[],"type":"kvm","vcpu":2,"video":[],"xml":[]},"sensitive_attributes":[],"private":"eyJlMmJmYjczMC1lY2FhLTExZTYtOGY4OC0zNDM2M2JjN2M0YzAiOnsiY3JlYXRlIjozMDAwMDAwMDAwMDB9fQ==","dependencies":["libvirt_network.talos_network","libvirt_volume.cp_disk","libvirt_volume.talos_base","talos_image_factory_schematic.this","utility_file_downloader.talos_image"]},{"index_key":"talos-cp-3","schema_version":0,"attributes":{"arch":"x86_64","autostart":false,"boot_device":[],"cloudinit":null,"cmdline":null,"console":[{"source_host":"127.0.0.1","source_path":"","source_service":"0","target_port":"0","target_type":"serial","type":"pty"}],"coreos_ignition":null,"cpu":[{"mode":"host-passthrough"}],"description":"","disk":[{"block_device":"","file":"","scsi":false,"url":"","volume_id":"/var/lib/vms/mid-pool/talos-cp-3-disk.qcow2","wwn":""}],"emulator":"/usr/bin/qemu-system-x86_64","filesystem":[],"firmware":null,"fw_cfg_name":"opt/com.coreos/config","graphics":[{"autoport":true,"listen_address":"127.0.0.1","listen_type":"address","type":"spice","websocket":0}],"id":"5e512042-e494-4889-b4d2-c559e1c38eeb","initrd":"","kernel":"","machine":"pc","memory":1024,"metadata":null,"name":"talos-cp-3","network_interface":[{"addresses":["192.168.100.170"],"bridge":"","hostname":"","mac":"52:54:00:DE:B0:BE","macvtap":"","network_id":"10efbace-6401-44af-b1f8-eabdfb7a8671","network_name":"talos-network","passthrough":"","private":"","vepa":"","wait_for_lease":true}],"nvram":null,"qemu_agent":false,"running":true,"timeouts":null,"tpm":[],"type":"kvm","vcpu":2,"video":[],"xml":[]},"sensitive_attributes":[],"private":"eyJlMmJmYjczMC1lY2FhLTExZTYtOGY4OC0zNDM2M2JjN2M0YzAiOnsiY3JlYXRlIjozMDAwMDAwMDAwMDB9fQ==","dependencies":["libvirt_network.talos_network","libvirt_volume.cp_disk","libvirt_volume.talos_base","talos_image_factory_schematic.this","utility_file_downloader.talos_image"]}]},{"mode":"managed","type":"libvirt_domain","name":"workers","provider":"provider[\"registry.opentofu.org/dmacvicar/libvirt\"]","instances":[{"index_key":"talos-worker-1","schema_version":0,"attributes":{"arch":"x86_64","autostart":false,"boot_device":[],"cloudinit":null,"cmdline":null,"console":[{"source_host":"127.0.0.1","source_path":"","source_service":"0","target_port":"0","target_type":"serial","type":"pty"}],"coreos_ignition":null,"cpu":[{"mode":"host-passthrough"}],"description":"","disk":[{"block_device":"","file":"","scsi":false,"url":"","volume_id":"/var/lib/vms/mid-pool/talos-worker-1-disk.qcow2","wwn":""}],"emulator":"/usr/bin/qemu-system-x86_64","filesystem":[],"firmware":null,"fw_cfg_name":"opt/com.coreos/config","graphics":[{"autoport":true,"listen_address":"127.0.0.1","listen_type":"address","type":"spice","websocket":0}],"id":"c69950e9-cab0-4643-a31a-3b202ea7dcbd","initrd":"","kernel":"","machine":"pc","memory":2048,"metadata":null,"name":"talos-worker-1","network_interface":[{"addresses":["192.168.100.228"],"bridge":"","hostname":"","mac":"52:54:00:EE:5B:72","macvtap":"","network_id":"10efbace-6401-44af-b1f8-eabdfb7a8671","network_name":"talos-network","passthrough":"","private":"","vepa":"","wait_for_lease":true}],"nvram":null,"qemu_agent":false,"running":true,"timeouts":null,"tpm":[],"type":"kvm","vcpu":2,"video":[],"xml":[]},"sensitive_attributes":[],"private":"eyJlMmJmYjczMC1lY2FhLTExZTYtOGY4OC0zNDM2M2JjN2M0YzAiOnsiY3JlYXRlIjozMDAwMDAwMDAwMDB9fQ==","dependencies":["libvirt_network.talos_network","libvirt_volume.talos_base","libvirt_volume.worker_disk","talos_image_factory_schematic.this","utility_file_downloader.talos_image"]},{"index_key":"talos-worker-2","schema_version":0,"attributes":{"arch":"x86_64","autostart":false,"boot_device":[],"cloudinit":null,"cmdline":null,"console":[{"source_host":"127.0.0.1","source_path":"","source_service":"0","target_port":"0","target_type":"serial","type":"pty"}],"coreos_ignition":null,"cpu":[{"mode":"host-passthrough"}],"description":"","disk":[{"block_device":"","file":"","scsi":false,"url":"","volume_id":"/var/lib/vms/mid-pool/talos-worker-2-disk.qcow2","wwn":""}],"emulator":"/usr/bin/qemu-system-x86_64","filesystem":[],"firmware":null,"fw_cfg_name":"opt/com.coreos/config","graphics":[{"autoport":true,"listen_address":"127.0.0.1","listen_type":"address","type":"spice","websocket":0}],"id":"2124e87d-2139-4330-b5cc-b0254db0e92f","initrd":"","kernel":"","machine":"pc","memory":2048,"metadata":null,"name":"talos-worker-2","network_interface":[{"addresses":["192.168.100.201"],"bridge":"","hostname":"","mac":"52:54:00:1A:D4:EE","macvtap":"","network_id":"10efbace-6401-44af-b1f8-eabdfb7a8671","network_name":"talos-network","passthrough":"","private":"","vepa":"","wait_for_lease":true}],"nvram":null,"qemu_agent":false,"running":true,"timeouts":null,"tpm":[],"type":"kvm","vcpu":2,"video":[],"xml":[]},"sensitive_attributes":[],"private":"eyJlMmJmYjczMC1lY2FhLTExZTYtOGY4OC0zNDM2M2JjN2M0YzAiOnsiY3JlYXRlIjozMDAwMDAwMDAwMDB9fQ==","dependencies":["libvirt_network.talos_network","libvirt_volume.talos_base","libvirt_volume.worker_disk","talos_image_factory_schematic.this","utility_file_downloader.talos_image"]},{"index_key":"talos-worker-3","schema_version":0,"attributes":{"arch":"x86_64","autostart":false,"boot_device":[],"cloudinit":null,"cmdline":null,"console":[{"source_host":"127.0.0.1","source_path":"","source_service":"0","target_port":"0","target_type":"serial","type":"pty"}],"coreos_ignition":null,"cpu":[{"mode":"host-passthrough"}],"description":"","disk":[{"block_device":"","file":"","scsi":false,"url":"","volume_id":"/var/lib/vms/mid-pool/talos-worker-3-disk.qcow2","wwn":""}],"emulator":"/usr/bin/qemu-system-x86_64","filesystem":[],"firmware":null,"fw_cfg_name":"opt/com.coreos/config","graphics":[{"autoport":true,"listen_address":"127.0.0.1","listen_type":"address","type":"spice","websocket":0}],"id":"0dd8ff3d-c289-49ad-b741-fd0987f6d1e9","initrd":"","kernel":"","machine":"pc","memory":2048,"metadata":null,"name":"talos-worker-3","network_interface":[{"addresses":["192.168.100.2"],"bridge":"","hostname":"","mac":"52:54:00:F2:C7:24","macvtap":"","network_id":"10efbace-6401-44af-b1f8-eabdfb7a8671","network_name":"talos-network","passthrough":"","private":"","vepa":"","wait_for_lease":true}],"nvram":null,"qemu_agent":false,"running":true,"timeouts":null,"tpm":[],"type":"kvm","vcpu":2,"video":[],"xml":[]},"sensitive_attributes":[],"private":"eyJlMmJmYjczMC1lY2FhLTExZTYtOGY4OC0zNDM2M2JjN2M0YzAiOnsiY3JlYXRlIjozMDAwMDAwMDAwMDB9fQ==","dependencies":["libvirt_network.talos_network","libvirt_volume.talos_base","libvirt_volume.worker_disk","talos_image_factory_schematic.this","utility_file_downloader.talos_image"]},{"index_key":"talos-worker-4","schema_version":0,"attributes":{"arch":"x86_64","autostart":false,"boot_device":[],"cloudinit":null,"cmdline":null,"console":[{"source_host":"127.0.0.1","source_path":"","source_service":"0","target_port":"0","target_type":"serial","type":"pty"}],"coreos_ignition":null,"cpu":[{"mode":"host-passthrough"}],"description":"","disk":[{"block_device":"","file":"","scsi":false,"url":"","volume_id":"/var/lib/vms/mid-pool/talos-worker-4-disk.qcow2","wwn":""}],"emulator":"/usr/bin/qemu-system-x86_64","filesystem":[],"firmware":null,"fw_cfg_name":"opt/com.coreos/config","graphics":[{"autoport":true,"listen_address":"127.0.0.1","listen_type":"address","type":"spice","websocket":0}],"id":"835f49a2-d307-410a-bb4a-2d00fb852c9a","initrd":"","kernel":"","machine":"pc","memory":2048,"metadata":null,"name":"talos-worker-4","network_interface":[{"addresses":["192.168.100.117"],"bridge":"","hostname":"","mac":"52:54:00:DE:88:EA","macvtap":"","network_id":"10efbace-6401-44af-b1f8-eabdfb7a8671","network_name":"talos-network","passthrough":"","private":"","vepa":"","wait_for_lease":true}],"nvram":null,"qemu_agent":false,"running":true,"timeouts":null,"tpm":[],"type":"kvm","vcpu":2,"video":[],"xml":[]},"sensitive_attributes":[],"private":"eyJlMmJmYjczMC1lY2FhLTExZTYtOGY4OC0zNDM2M2JjN2M0YzAiOnsiY3JlYXRlIjozMDAwMDAwMDAwMDB9fQ==","dependencies":["libvirt_network.talos_network","libvirt_volume.talos_base","libvirt_volume.worker_disk","talos_image_factory_schematic.this","utility_file_downloader.talos_image"]},{"index_key":"talos-worker-5","schema_version":0,"attributes":{"arch":"x86_64","autostart":false,"boot_device":[],"cloudinit":null,"cmdline":null,"console":[{"source_host":"127.0.0.1","source_path":"","source_service":"0","target_port":"0","target_type":"serial","type":"pty"}],"coreos_ignition":null,"cpu":[{"mode":"host-passthrough"}],"description":"","disk":[{"block_device":"","file":"","scsi":false,"url":"","volume_id":"/var/lib/vms/mid-pool/talos-worker-5-disk.qcow2","wwn":""}],"emulator":"/usr/bin/qemu-system-x86_64","filesystem":[],"firmware":null,"fw_cfg_name":"opt/com.coreos/config","graphics":[{"autoport":true,"listen_address":"127.0.0.1","listen_type":"address","type":"spice","websocket":0}],"id":"8519990f-6570-43dd-8808-79340880fb96","initrd":"","kernel":"","machine":"pc","memory":2048,"metadata":null,"name":"talos-worker-5","network_interface":[{"addresses":["192.168.100.14"],"bridge":"","hostname":"","mac":"52:54:00:82:AC:E6","macvtap":"","network_id":"10efbace-6401-44af-b1f8-eabdfb7a8671","network_name":"talos-network","passthrough":"","private":"","vepa":"","wait_for_lease":true}],"nvram":null,"qemu_agent":false,"running":true,"timeouts":null,"tpm":[],"type":"kvm","vcpu":2,"video":[],"xml":[]},"sensitive_attributes":[],"private":"eyJlMmJmYjczMC1lY2FhLTExZTYtOGY4OC0zNDM2M2JjN2M0YzAiOnsiY3JlYXRlIjozMDAwMDAwMDAwMDB9fQ==","dependencies":["libvirt_network.talos_network","libvirt_volume.talos_base","libvirt_volume.worker_disk","talos_image_factory_schematic.this","utility_file_downloader.talos_image"]},{"index_key":"talos-worker-6","schema_version":0,"attributes":{"arch":"x86_64","autostart":false,"boot_device":[],"cloudinit":null,"cmdline":null,"console":[{"source_host":"127.0.0.1","source_path":"","source_service":"0","target_port":"0","target_type":"serial","type":"pty"}],"coreos_ignition":null,"cpu":[{"mode":"host-passthrough"}],"description":"","disk":[{"block_device":"","file":"","scsi":false,"url":"","volume_id":"/var/lib/vms/mid-pool/talos-worker-6-disk.qcow2","wwn":""}],"emulator":"/usr/bin/qemu-system-x86_64","filesystem":[],"firmware":null,"fw_cfg_name":"opt/com.coreos/config","graphics":[{"autoport":true,"listen_address":"127.0.0.1","listen_type":"address","type":"spice","websocket":0}],"id":"f183a79b-9ea8-405f-9fa9-b49715e59fd0","initrd":"","kernel":"","machine":"pc","memory":2048,"metadata":null,"name":"talos-worker-6","network_interface":[{"addresses":["192.168.100.82"],"bridge":"","hostname":"","mac":"52:54:00:EE:4E:91","macvtap":"","network_id":"10efbace-6401-44af-b1f8-eabdfb7a8671","network_name":"talos-network","passthrough":"","private":"","vepa":"","wait_for_lease":true}],"nvram":null,"qemu_agent":false,"running":true,"timeouts":null,"tpm":[],"type":"kvm","vcpu":2,"video":[],"xml":[]},"sensitive_attributes":[],"private":"eyJlMmJmYjczMC1lY2FhLTExZTYtOGY4OC0zNDM2M2JjN2M0YzAiOnsiY3JlYXRlIjozMDAwMDAwMDAwMDB9fQ==","dependencies":["libvirt_network.talos_network","libvirt_volume.talos_base","libvirt_volume.worker_disk","talos_image_factory_schematic.this","utility_file_downloader.talos_image"]}]},{"mode":"managed","type":"libvirt_network","name":"talos_network","provider":"provider[\"registry.opentofu.org/dmacvicar/libvirt\"]","instances":[{"schema_version":0,"attributes":{"addresses":["192.168.100.0/24"],"autostart":true,"bridge":"virbr1","dhcp":[{"enabled":true}],"dns":null,"dnsmasq_options":[],"domain":null,"id":"10efbace-6401-44af-b1f8-eabdfb7a8671","mode":"nat","mtu":null,"name":"talos-network","routes":[],"xml":[]},"sensitive_attributes":[],"private":"bnVsbA=="}]},{"mode":"managed","type":"libvirt_volume","name":"cp_disk","provider":"provider[\"registry.opentofu.org/dmacvicar/libvirt\"]","instances":[{"index_key":"talos-cp-1","schema_version":0,"attributes":{"base_volume_id":"/var/lib/vms/mid-pool/talos-base.qcow2","base_volume_name":null,"base_volume_pool":null,"format":"qcow2","id":"/var/lib/vms/mid-pool/talos-cp-1-disk.qcow2","name":"talos-cp-1-disk.qcow2","pool":"mid-pool","size":107374182400,"source":null,"xml":[]},"sensitive_attributes":[],"private":"bnVsbA==","dependencies":["libvirt_volume.talos_base","talos_image_factory_schematic.this","utility_file_downloader.talos_image"]},{"index_key":"talos-cp-2","schema_version":0,"attributes":{"base_volume_id":"/var/lib/vms/mid-pool/talos-base.qcow2","base_volume_name":null,"base_volume_pool":null,"format":"qcow2","id":"/var/lib/vms/mid-pool/talos-cp-2-disk.qcow2","name":"talos-cp-2-disk.qcow2","pool":"mid-pool","size":107374182400,"source":null,"xml":[]},"sensitive_attributes":[],"private":"bnVsbA==","dependencies":["libvirt_volume.talos_base","talos_image_factory_schematic.this","utility_file_downloader.talos_image"]},{"index_key":"talos-cp-3","schema_version":0,"attributes":{"base_volume_id":"/var/lib/vms/mid-pool/talos-base.qcow2","base_volume_name":null,"base_volume_pool":null,"format":"qcow2","id":"/var/lib/vms/mid-pool/talos-cp-3-disk.qcow2","name":"talos-cp-3-disk.qcow2","pool":"mid-pool","size":107374182400,"source":null,"xml":[]},"sensitive_attributes":[],"private":"bnVsbA==","dependencies":["libvirt_volume.talos_base","talos_image_factory_schematic.this","utility_file_downloader.talos_image"]}]},{"mode":"managed","type":"libvirt_volume","name":"talos_base","provider":"provider[\"registry.opentofu.org/dmacvicar/libvirt\"]","instances":[{"schema_version":0,"attributes":{"base_volume_id":null,"base_volume_name":null,"base_volume_pool":null,"format":"qcow2","id":"/var/lib/vms/mid-pool/talos-base.qcow2","name":"talos-base.qcow2","pool":"mid-pool","size":4453302272,"source":"./images/talos-94114f5dbe67331c4f9b2be0eac92deb1575d3edd3cd2a59ec1731c2ad430d78-v1.12.2-nocloud-amd64.qcow2","xml":[]},"sensitive_attributes":[],"private":"bnVsbA==","dependencies":["talos_image_factory_schematic.this","utility_file_downloader.talos_image"]}]},{"mode":"managed","type":"libvirt_volume","name":"worker_disk","provider":"provider[\"registry.opentofu.org/dmacvicar/libvirt\"]","instances":[{"index_key":"talos-worker-1","schema_version":0,"attributes":{"base_volume_id":"/var/lib/vms/mid-pool/talos-base.qcow2","base_volume_name":null,"base_volume_pool":null,"format":"qcow2","id":"/var/lib/vms/mid-pool/talos-worker-1-disk.qcow2","name":"talos-worker-1-disk.qcow2","pool":"mid-pool","size":107374182400,"source":null,"xml":[]},"sensitive_attributes":[],"private":"bnVsbA==","dependencies":["libvirt_volume.talos_base","talos_image_factory_schematic.this","utility_file_downloader.talos_image"]},{"index_key":"talos-worker-2","schema_version":0,"attributes":{"base_volume_id":"/var/lib/vms/mid-pool/talos-base.qcow2","base_volume_name":null,"base_volume_pool":null,"format":"qcow2","id":"/var/lib/vms/mid-pool/talos-worker-2-disk.qcow2","name":"talos-worker-2-disk.qcow2","pool":"mid-pool","size":107374182400,"source":null,"xml":[]},"sensitive_attributes":[],"private":"bnVsbA==","dependencies":["libvirt_volume.talos_base","talos_image_factory_schematic.this","utility_file_downloader.talos_image"]},{"index_key":"talos-worker-3","schema_version":0,"attributes":{"base_volume_id":"/var/lib/vms/mid-pool/talos-base.qcow2","base_volume_name":null,"base_volume_pool":null,"format":"qcow2","id":"/var/lib/vms/mid-pool/talos-worker-3-disk.qcow2","name":"talos-worker-3-disk.qcow2","pool":"mid-pool","size":107374182400,"source":null,"xml":[]},"sensitive_attributes":[],"private":"bnVsbA==","dependencies":["libvirt_volume.talos_base","talos_image_factory_schematic.this","utility_file_downloader.talos_image"]},{"index_key":"talos-worker-4","schema_version":0,"attributes":{"base_volume_id":"/var/lib/vms/mid-pool/talos-base.qcow2","base_volume_name":null,"base_volume_pool":null,"format":"qcow2","id":"/var/lib/vms/mid-pool/talos-worker-4-disk.qcow2","name":"talos-worker-4-disk.qcow2","pool":"mid-pool","size":107374182400,"source":null,"xml":[]},"sensitive_attributes":[],"private":"bnVsbA==","dependencies":["libvirt_volume.talos_base","talos_image_factory_schematic.this","utility_file_downloader.talos_image"]},{"index_key":"talos-worker-5","schema_version":0,"attributes":{"base_volume_id":"/var/lib/vms/mid-pool/talos-base.qcow2","base_volume_name":null,"base_volume_pool":null,"format":"qcow2","id":"/var/lib/vms/mid-pool/talos-worker-5-disk.qcow2","name":"talos-worker-5-disk.qcow2","pool":"mid-pool","size":107374182400,"source":null,"xml":[]},"sensitive_attributes":[],"private":"bnVsbA==","dependencies":["libvirt_volume.talos_base","talos_image_factory_schematic.this","utility_file_downloader.talos_image"]},{"index_key":"talos-worker-6","schema_version":0,"attributes":{"base_volume_id":"/var/lib/vms/mid-pool/talos-base.qcow2","base_volume_name":null,"base_volume_pool":null,"format":"qcow2","id":"/var/lib/vms/mid-pool/talos-worker-6-disk.qcow2","name":"talos-worker-6-disk.qcow2","pool":"mid-pool","size":107374182400,"source":null,"xml":[]},"sensitive_attributes":[],"private":"bnVsbA==","dependencies":["libvirt_volume.talos_base","talos_image_factory_schematic.this","utility_file_downloader.talos_image"]}]},{"mode":"managed","type":"talos_image_factory_schematic","name":"this","provider":"provider[\"registry.opentofu.org/siderolabs/talos\"]","instances":[{"schema_version":0,"attributes":{"id":"94114f5dbe67331c4f9b2be0eac92deb1575d3edd3cd2a59ec1731c2ad430d78","schematic":"\"customization\":\n  \"systemExtensions\":\n    \"officialExtensions\":\n    - \"siderolabs/binfmt-misc\"\n    - \"siderolabs/qemu-guest-agent\"\n"},"sensitive_attributes":[]}]},{"mode":"managed","type":"utility_file_downloader","name":"talos_image","provider":"provider[\"registry.terraform.io/frontiersgg/utility\"]","instances":[{"schema_version":0,"attributes":{"filename":"./images/talos-94114f5dbe67331c4f9b2be0eac92deb1575d3edd3cd2a59ec1731c2ad430d78-v1.12.2-nocloud-amd64.qcow2","force_download":null,"headers":null,"id":"735228dea5da9e14dd732166e9aace386c34ff2e","method":"GET","sha1":"735228dea5da9e14dd732166e9aace386c34ff2e","sha256":"c4d2b3f652fd1c0afe0ed2d45c9d4fba5045ea5fb62c0f285c70e867bb136e90","url":"https://factory.talos.dev/image/94114f5dbe67331c4f9b2be0eac92deb1575d3edd3cd2a59ec1731c2ad430d78/v1.12.2/nocloud-amd64.qcow2"},"sensitive_attributes":[[{"type":"get_attr","value":"headers"}]],"dependencies":["talos_image_factory_schematic.this"]}]}],"check_results":null}
