{"version":4,"terraform_version":"1.11.4","serial":53,"lineage":"c0b0349a-b994-6afb-8f26-5d7000f0ee8b","outputs":{"talos_image_factory_url":{"value":"https://factory.talos.dev/?arch=amd64\u0026extensions=siderolabs%2Fbinfmt-misc\u0026extensions=siderolabs%2Fqemu-guest-agent\u0026platform=nocloud\u0026target=cloud\u0026version=1.12.2","type":"string"},"talos_image_path":{"value":"./images/talos-94114f5dbe67331c4f9b2be0eac92deb1575d3edd3cd2a59ec1731c2ad430d78-v1.12.2-nocloud-amd64.qcow2","type":"string"},"talos_image_url":{"value":"https://factory.talos.dev/image/94114f5dbe67331c4f9b2be0eac92deb1575d3edd3cd2a59ec1731c2ad430d78/v1.12.2/nocloud-amd64.qcow2","type":"string"},"talos_schematic_id":{"value":"94114f5dbe67331c4f9b2be0eac92deb1575d3edd3cd2a59ec1731c2ad430d78","type":"string"}},"resources":[{"mode":"data","type":"talos_image_factory_extensions_versions","name":"this","provider":"provider[\"registry.opentofu.org/siderolabs/talos\"]","instances":[{"schema_version":0,"attributes":{"extensions_info":[{"author":"Serge Logvinov","description":"[extra] This system extension provides kernel module driver for binfmt-misc built against a specific Talos version.\n","digest":"sha256:cac76f6ef90f326809cfcb10d613accaffcc0839ea0268a07bea458fca3294f5","name":"siderolabs/binfmt-misc","ref":"ghcr.io/siderolabs/binfmt-misc:v1.12.2"},{"author":"Markus Reiter","description":"[extra] This system extension provides the QEMU Guest Agent service.\n","digest":"sha256:6bc166eab4b5f1b88c4ddece0a898c6aee4bf9e3dcb8f97917ae0fc204b6242e","name":"siderolabs/qemu-guest-agent","ref":"ghcr.io/siderolabs/qemu-guest-agent:10.2.0"}],"filters":{"names":["siderolabs/binfmt-misc","siderolabs/qemu-guest-agent"]},"id":"extensions_info","talos_version":"v1.12.2"},"sensitive_attributes":[]}]},{"mode":"managed","type":"libvirt_cloudinit_disk","name":"cp_seed","provider":"provider[\"registry.opentofu.org/dmacvicar/libvirt\"]","instances":[]},{"mode":"managed","type":"libvirt_cloudinit_disk","name":"gateway_seed","provider":"provider[\"registry.opentofu.org/dmacvicar/libvirt\"]","instances":[]},{"mode":"managed","type":"libvirt_cloudinit_disk","name":"utility_seed","provider":"provider[\"registry.opentofu.org/dmacvicar/libvirt\"]","instances":[]},{"mode":"managed","type":"libvirt_cloudinit_disk","name":"worker_seed","provider":"provider[\"registry.opentofu.org/dmacvicar/libvirt\"]","instances":[]},{"mode":"managed","type":"libvirt_network","name":"bridge_network","provider":"provider[\"registry.opentofu.org/dmacvicar/libvirt\"]","instances":[{"schema_version":0,"attributes":{"addresses":null,"autostart":false,"bridge":"br0","dhcp":null,"dns":null,"dnsmasq_options":[],"domain":null,"id":"1e34043e-1dd3-4caa-a2db-17ef5c429590","mode":"bridge","mtu":null,"name":"bridge-network","routes":[],"xml":[]},"sensitive_attributes":[],"private":"bnVsbA=="}]},{"mode":"managed","type":"libvirt_network","name":"talos_network","provider":"provider[\"registry.opentofu.org/dmacvicar/libvirt\"]","instances":[{"schema_version":0,"attributes":{"addresses":["192.168.100.0/24"],"autostart":true,"bridge":"virbr1","dhcp":[{"enabled":true}],"dns":null,"dnsmasq_options":[],"domain":null,"id":"c0c9a978-90fc-4315-a1d5-3e7c5e557468","mode":"nat","mtu":null,"name":"talos-network","routes":[],"xml":[]},"sensitive_attributes":[],"private":"bnVsbA=="}]},{"mode":"managed","type":"libvirt_volume","name":"cp_disk","provider":"provider[\"registry.opentofu.org/dmacvicar/libvirt\"]","instances":[{"index_key":"talos-cp-1","schema_version":0,"attributes":{"base_volume_id":"/var/lib/vms/mid-pool/talos-base.qcow2","base_volume_name":null,"base_volume_pool":null,"format":"qcow2","id":"/var/lib/vms/mid-pool/talos-cp-1-disk.qcow2","name":"talos-cp-1-disk.qcow2","pool":"mid-pool","size":107374182400,"source":null,"xml":[]},"sensitive_attributes":[],"private":"bnVsbA==","dependencies":["libvirt_volume.talos_base","talos_image_factory_schematic.this","utility_file_downloader.talos_image"]},{"index_key":"talos-cp-2","schema_version":0,"attributes":{"base_volume_id":"/var/lib/vms/mid-pool/talos-base.qcow2","base_volume_name":null,"base_volume_pool":null,"format":"qcow2","id":"/var/lib/vms/mid-pool/talos-cp-2-disk.qcow2","name":"talos-cp-2-disk.qcow2","pool":"mid-pool","size":107374182400,"source":null,"xml":[]},"sensitive_attributes":[],"private":"bnVsbA==","dependencies":["libvirt_volume.talos_base","talos_image_factory_schematic.this","utility_file_downloader.talos_image"]},{"index_key":"talos-cp-3","schema_version":0,"attributes":{"base_volume_id":"/var/lib/vms/mid-pool/talos-base.qcow2","base_volume_name":null,"base_volume_pool":null,"format":"qcow2","id":"/var/lib/vms/mid-pool/talos-cp-3-disk.qcow2","name":"talos-cp-3-disk.qcow2","pool":"mid-pool","size":107374182400,"source":null,"xml":[]},"sensitive_attributes":[],"private":"bnVsbA==","dependencies":["libvirt_volume.talos_base","talos_image_factory_schematic.this","utility_file_downloader.talos_image"]}]},{"mode":"managed","type":"libvirt_volume","name":"debian_base","provider":"provider[\"registry.opentofu.org/dmacvicar/libvirt\"]","instances":[{"schema_version":0,"attributes":{"base_volume_id":null,"base_volume_name":null,"base_volume_pool":null,"format":"qcow2","id":"/var/lib/vms/mid-pool/debian-base.qcow2","name":"debian-base.qcow2","pool":"mid-pool","size":3221225472,"source":"./images/debian-13-generic-amd64.qcow2","xml":[]},"sensitive_attributes":[],"private":"bnVsbA==","dependencies":["utility_file_downloader.debian_image"]}]},{"mode":"managed","type":"libvirt_volume","name":"gateway_disk","provider":"provider[\"registry.opentofu.org/dmacvicar/libvirt\"]","instances":[{"index_key":"gateway-1","schema_version":0,"attributes":{"base_volume_id":"/var/lib/vms/mid-pool/debian-base.qcow2","base_volume_name":null,"base_volume_pool":null,"format":"qcow2","id":"/var/lib/vms/mid-pool/gateway-1-disk.qcow2","name":"gateway-1-disk.qcow2","pool":"mid-pool","size":53687091200,"source":null,"xml":[]},"sensitive_attributes":[],"private":"bnVsbA==","dependencies":["libvirt_volume.debian_base","utility_file_downloader.debian_image"]},{"index_key":"gateway-2","schema_version":0,"attributes":{"base_volume_id":"/var/lib/vms/mid-pool/debian-base.qcow2","base_volume_name":null,"base_volume_pool":null,"format":"qcow2","id":"/var/lib/vms/mid-pool/gateway-2-disk.qcow2","name":"gateway-2-disk.qcow2","pool":"mid-pool","size":53687091200,"source":null,"xml":[]},"sensitive_attributes":[],"private":"bnVsbA==","dependencies":["libvirt_volume.debian_base","utility_file_downloader.debian_image"]}]},{"mode":"managed","type":"libvirt_volume","name":"talos_base","provider":"provider[\"registry.opentofu.org/dmacvicar/libvirt\"]","instances":[{"schema_version":0,"attributes":{"base_volume_id":null,"base_volume_name":null,"base_volume_pool":null,"format":"qcow2","id":"/var/lib/vms/mid-pool/talos-base.qcow2","name":"talos-base.qcow2","pool":"mid-pool","size":4453302272,"source":"./images/talos-94114f5dbe67331c4f9b2be0eac92deb1575d3edd3cd2a59ec1731c2ad430d78-v1.12.2-nocloud-amd64.qcow2","xml":[]},"sensitive_attributes":[],"private":"bnVsbA==","dependencies":["talos_image_factory_schematic.this","utility_file_downloader.talos_image"]}]},{"mode":"managed","type":"libvirt_volume","name":"utility_disk","provider":"provider[\"registry.opentofu.org/dmacvicar/libvirt\"]","instances":[{"schema_version":0,"attributes":{"base_volume_id":"/var/lib/vms/mid-pool/debian-base.qcow2","base_volume_name":null,"base_volume_pool":null,"format":"qcow2","id":"/var/lib/vms/mid-pool/utility-disk.qcow2","name":"utility-disk.qcow2","pool":"mid-pool","size":53687091200,"source":null,"xml":[]},"sensitive_attributes":[],"private":"bnVsbA==","dependencies":["libvirt_volume.debian_base","utility_file_downloader.debian_image"]}]},{"mode":"managed","type":"libvirt_volume","name":"worker_disk","provider":"provider[\"registry.opentofu.org/dmacvicar/libvirt\"]","instances":[{"index_key":"talos-worker-1","schema_version":0,"attributes":{"base_volume_id":"/var/lib/vms/mid-pool/talos-base.qcow2","base_volume_name":null,"base_volume_pool":null,"format":"qcow2","id":"/var/lib/vms/mid-pool/talos-worker-1-disk.qcow2","name":"talos-worker-1-disk.qcow2","pool":"mid-pool","size":107374182400,"source":null,"xml":[]},"sensitive_attributes":[],"private":"bnVsbA==","dependencies":["libvirt_volume.talos_base","talos_image_factory_schematic.this","utility_file_downloader.talos_image"]},{"index_key":"talos-worker-2","schema_version":0,"attributes":{"base_volume_id":"/var/lib/vms/mid-pool/talos-base.qcow2","base_volume_name":null,"base_volume_pool":null,"format":"qcow2","id":"/var/lib/vms/mid-pool/talos-worker-2-disk.qcow2","name":"talos-worker-2-disk.qcow2","pool":"mid-pool","size":107374182400,"source":null,"xml":[]},"sensitive_attributes":[],"private":"bnVsbA==","dependencies":["libvirt_volume.talos_base","talos_image_factory_schematic.this","utility_file_downloader.talos_image"]},{"index_key":"talos-worker-3","schema_version":0,"attributes":{"base_volume_id":"/var/lib/vms/mid-pool/talos-base.qcow2","base_volume_name":null,"base_volume_pool":null,"format":"qcow2","id":"/var/lib/vms/mid-pool/talos-worker-3-disk.qcow2","name":"talos-worker-3-disk.qcow2","pool":"mid-pool","size":107374182400,"source":null,"xml":[]},"sensitive_attributes":[],"private":"bnVsbA==","dependencies":["libvirt_volume.talos_base","talos_image_factory_schematic.this","utility_file_downloader.talos_image"]},{"index_key":"talos-worker-4","schema_version":0,"attributes":{"base_volume_id":"/var/lib/vms/mid-pool/talos-base.qcow2","base_volume_name":null,"base_volume_pool":null,"format":"qcow2","id":"/var/lib/vms/mid-pool/talos-worker-4-disk.qcow2","name":"talos-worker-4-disk.qcow2","pool":"mid-pool","size":107374182400,"source":null,"xml":[]},"sensitive_attributes":[],"private":"bnVsbA==","dependencies":["libvirt_volume.talos_base","talos_image_factory_schematic.this","utility_file_downloader.talos_image"]},{"index_key":"talos-worker-5","schema_version":0,"attributes":{"base_volume_id":"/var/lib/vms/mid-pool/talos-base.qcow2","base_volume_name":null,"base_volume_pool":null,"format":"qcow2","id":"/var/lib/vms/mid-pool/talos-worker-5-disk.qcow2","name":"talos-worker-5-disk.qcow2","pool":"mid-pool","size":107374182400,"source":null,"xml":[]},"sensitive_attributes":[],"private":"bnVsbA==","dependencies":["libvirt_volume.talos_base","talos_image_factory_schematic.this","utility_file_downloader.talos_image"]},{"index_key":"talos-worker-6","schema_version":0,"attributes":{"base_volume_id":"/var/lib/vms/mid-pool/talos-base.qcow2","base_volume_name":null,"base_volume_pool":null,"format":"qcow2","id":"/var/lib/vms/mid-pool/talos-worker-6-disk.qcow2","name":"talos-worker-6-disk.qcow2","pool":"mid-pool","size":107374182400,"source":null,"xml":[]},"sensitive_attributes":[],"private":"bnVsbA==","dependencies":["libvirt_volume.talos_base","talos_image_factory_schematic.this","utility_file_downloader.talos_image"]}]},{"mode":"managed","type":"local_file","name":"br0_netdev","provider":"provider[\"registry.opentofu.org/hashicorp/local\"]","instances":[{"schema_version":0,"attributes":{"content":"# Bridge br0 — generated by Terraform for Debian (systemd-networkd)\n[NetDev]\nName=br0\nKind=bridge\n","content_base64":null,"content_base64sha256":"p77GgKDG+pnqXx9Y8yrw8fwq3YY9JyYApAOyZz4drhE=","content_base64sha512":"utaC5Xl0c6nWiawrb4EceVqqa3QHXYygVVkFCJ1xHtabLww5Bjdv41F4U0lzVFAB7uk/ovHZa0D7EB8ZZY4eMg==","content_md5":"b262fbfda8ad1956ec49b50aa857e939","content_sha1":"17efc3a509c710f36f1833e2720537cc5c499272","content_sha256":"a7bec680a0c6fa99ea5f1f58f32af0f1fc2add863d272600a403b2673e1dae11","content_sha512":"bad682e5797473a9d689ac2b6f811c795aaa6b74075d8ca0555905089d711ed69b2f0c3906376fe35178534973545001eee93fa2f1d96b40fb101f19658e1e32","directory_permission":"0777","file_permission":"0777","filename":"./systemd-networkd/25-br0.netdev","id":"17efc3a509c710f36f1833e2720537cc5c499272","sensitive_content":null,"source":null},"sensitive_attributes":[[{"type":"get_attr","value":"sensitive_content"}]]}]},{"mode":"managed","type":"local_file","name":"br0_network","provider":"provider[\"registry.opentofu.org/hashicorp/local\"]","instances":[{"schema_version":0,"attributes":{"content":"# DHCP on br0 — generated by Terraform\n[Match]\nName=br0\n\n[Network]\nDHCP=yes\n","content_base64":null,"content_base64sha256":"NjrRdCotQbymrGH1XQM3tzfzd42qK3W23GWWkiqjUYs=","content_base64sha512":"b3mzyeD5UN2fJYle8POxqPsKeZ6sRuojuwWaRcCqzWYdwLl3tbGMykEqeUb8wzp7RslzdhYWX8LoMIIKnP465w==","content_md5":"eda4ba3ba3471d6e0eabb44af544eb46","content_sha1":"d10591f031df65ba8f17ca87ed1006a5346fbe81","content_sha256":"363ad1742a2d41bca6ac61f55d0337b737f3778daa2b75b6dc6596922aa3518b","content_sha512":"6f79b3c9e0f950dd9f25895ef0f3b1a8fb0a799eac46ea23bb059a45c0aacd661dc0b977b5b18cca412a7946fcc33a7b46c9737616165fc2e830820a9cfe3ae7","directory_permission":"0777","file_permission":"0777","filename":"./systemd-networkd/25-br0.network","id":"d10591f031df65ba8f17ca87ed1006a5346fbe81","sensitive_content":null,"source":null},"sensitive_attributes":[[{"type":"get_attr","value":"sensitive_content"}]]}]},{"mode":"managed","type":"local_file","name":"bridge_port_network","provider":"provider[\"registry.opentofu.org/hashicorp/local\"]","instances":[{"schema_version":0,"attributes":{"content":"# Attach enp0s6 to br0 — generated by Terraform\n[Match]\nName=enp0s6\n\n[Network]\nBridge=br0\n","content_base64":null,"content_base64sha256":"NZJiqnXs/0SfP8oybk/HuELyoQhb/isjcJ+N372+1G0=","content_base64sha512":"oUf13T3AeHE0iq+vAf42GmqNmdhH30nj0slFYkSPHk9KEM2arPGOFtkLCq5XGdUMI6T9IB3dOGHp3agc5v3+zw==","content_md5":"dcbdc423eaa981aac9da2fa4f367e8ab","content_sha1":"a46de38633ba6a451e989d4290335cfef116c144","content_sha256":"359262aa75ecff449f3fca326e4fc7b842f2a1085bfe2b23709f8ddfbdbed46d","content_sha512":"a147f5dd3dc07871348aafaf01fe361a6a8d99d847df49e3d2c94562448f1e4f4a10cd9aacf18e16d90b0aae5719d50c23a4fd201ddd3861e9dda81ce6fdfecf","directory_permission":"0777","file_permission":"0777","filename":"./systemd-networkd/25-enp0s6.network","id":"a46de38633ba6a451e989d4290335cfef116c144","sensitive_content":null,"source":null},"sensitive_attributes":[[{"type":"get_attr","value":"sensitive_content"}]]}]},{"mode":"managed","type":"null_resource","name":"systemd_networkd_apply","provider":"provider[\"registry.opentofu.org/hashicorp/null\"]","instances":[{"index_key":0,"schema_version":0,"attributes":{"id":"7490193652470343291","triggers":{"br0_netdev":"# Bridge br0 — generated by Terraform for Debian (systemd-networkd)\n[NetDev]\nName=br0\nKind=bridge\n","br0_network":"# DHCP on br0 — generated by Terraform\n[Match]\nName=br0\n\n[Network]\nDHCP=yes\n","bridge_interface":"enp0s6","bridge_port":"# Attach enp0s6 to br0 — generated by Terraform\n[Match]\nName=enp0s6\n\n[Network]\nBridge=br0\n"}},"sensitive_attributes":[],"dependencies":["local_file.br0_netdev","local_file.br0_network","local_file.bridge_port_network"]}]},{"mode":"managed","type":"talos_image_factory_schematic","name":"this","provider":"provider[\"registry.opentofu.org/siderolabs/talos\"]","instances":[{"schema_version":0,"attributes":{"id":"94114f5dbe67331c4f9b2be0eac92deb1575d3edd3cd2a59ec1731c2ad430d78","schematic":"\"customization\":\n  \"systemExtensions\":\n    \"officialExtensions\":\n    - \"siderolabs/binfmt-misc\"\n    - \"siderolabs/qemu-guest-agent\"\n"},"sensitive_attributes":[]}]},{"mode":"managed","type":"utility_file_downloader","name":"debian_image","provider":"provider[\"registry.terraform.io/frontiersgg/utility\"]","instances":[{"schema_version":0,"attributes":{"filename":"./images/debian-13-generic-amd64.qcow2","force_download":null,"headers":null,"id":"7bc5d279ecbf3dea6c1fd5a3cf284977851dfed5","method":"GET","sha1":"7bc5d279ecbf3dea6c1fd5a3cf284977851dfed5","sha256":"68baa91f1d2aeedd1c2d5ef97e8a60a87d4bf03885573feccc9841aa1a4ba7d7","url":"https://cloud.debian.org/images/cloud/trixie/latest/debian-13-generic-amd64.qcow2"},"sensitive_attributes":[[{"type":"get_attr","value":"headers"}]]}]},{"mode":"managed","type":"utility_file_downloader","name":"talos_image","provider":"provider[\"registry.terraform.io/frontiersgg/utility\"]","instances":[{"schema_version":0,"attributes":{"filename":"./images/talos-94114f5dbe67331c4f9b2be0eac92deb1575d3edd3cd2a59ec1731c2ad430d78-v1.12.2-nocloud-amd64.qcow2","force_download":null,"headers":null,"id":"735228dea5da9e14dd732166e9aace386c34ff2e","method":"GET","sha1":"735228dea5da9e14dd732166e9aace386c34ff2e","sha256":"c4d2b3f652fd1c0afe0ed2d45c9d4fba5045ea5fb62c0f285c70e867bb136e90","url":"https://factory.talos.dev/image/94114f5dbe67331c4f9b2be0eac92deb1575d3edd3cd2a59ec1731c2ad430d78/v1.12.2/nocloud-amd64.qcow2"},"sensitive_attributes":[[{"type":"get_attr","value":"headers"}]],"dependencies":["talos_image_factory_schematic.this"]}]}],"check_results":null}
