{"version":4,"terraform_version":"1.11.4","serial":48,"lineage":"c0b0349a-b994-6afb-8f26-5d7000f0ee8b","outputs":{"talos_image_factory_url":{"value":"https://factory.talos.dev/?arch=amd64\u0026extensions=siderolabs%2Fbinfmt-misc\u0026extensions=siderolabs%2Fqemu-guest-agent\u0026platform=nocloud\u0026target=cloud\u0026version=1.12.2","type":"string"},"talos_image_path":{"value":"./images/talos-94114f5dbe67331c4f9b2be0eac92deb1575d3edd3cd2a59ec1731c2ad430d78-v1.12.2-nocloud-amd64.qcow2","type":"string"},"talos_image_url":{"value":"https://factory.talos.dev/image/94114f5dbe67331c4f9b2be0eac92deb1575d3edd3cd2a59ec1731c2ad430d78/v1.12.2/nocloud-amd64.qcow2","type":"string"},"talos_schematic_id":{"value":"94114f5dbe67331c4f9b2be0eac92deb1575d3edd3cd2a59ec1731c2ad430d78","type":"string"}},"resources":[{"mode":"data","type":"talos_image_factory_extensions_versions","name":"this","provider":"provider[\"registry.opentofu.org/siderolabs/talos\"]","instances":[{"schema_version":0,"attributes":{"extensions_info":[{"author":"Serge Logvinov","description":"[extra] This system extension provides kernel module driver for binfmt-misc built against a specific Talos version.\n","digest":"sha256:cac76f6ef90f326809cfcb10d613accaffcc0839ea0268a07bea458fca3294f5","name":"siderolabs/binfmt-misc","ref":"ghcr.io/siderolabs/binfmt-misc:v1.12.2"},{"author":"Markus Reiter","description":"[extra] This system extension provides the QEMU Guest Agent service.\n","digest":"sha256:6bc166eab4b5f1b88c4ddece0a898c6aee4bf9e3dcb8f97917ae0fc204b6242e","name":"siderolabs/qemu-guest-agent","ref":"ghcr.io/siderolabs/qemu-guest-agent:10.2.0"}],"filters":{"names":["siderolabs/binfmt-misc","siderolabs/qemu-guest-agent"]},"id":"extensions_info","talos_version":"v1.12.2"},"sensitive_attributes":[]}]},{"mode":"managed","type":"libvirt_volume","name":"cp_disk","provider":"provider[\"registry.opentofu.org/dmacvicar/libvirt\"]","instances":[{"index_key":"talos-cp-1","schema_version":0,"attributes":{"base_volume_id":"/var/lib/vms/mid-pool/talos-base.qcow2","base_volume_name":null,"base_volume_pool":null,"format":"qcow2","id":"/var/lib/vms/mid-pool/talos-cp-1-disk.qcow2","name":"talos-cp-1-disk.qcow2","pool":"mid-pool","size":107374182400,"source":null,"xml":[]},"sensitive_attributes":[],"private":"bnVsbA==","dependencies":["libvirt_volume.talos_base","talos_image_factory_schematic.this","utility_file_downloader.talos_image"]},{"index_key":"talos-cp-2","schema_version":0,"attributes":{"base_volume_id":"/var/lib/vms/mid-pool/talos-base.qcow2","base_volume_name":null,"base_volume_pool":null,"format":"qcow2","id":"/var/lib/vms/mid-pool/talos-cp-2-disk.qcow2","name":"talos-cp-2-disk.qcow2","pool":"mid-pool","size":107374182400,"source":null,"xml":[]},"sensitive_attributes":[],"private":"bnVsbA==","dependencies":["libvirt_volume.talos_base","talos_image_factory_schematic.this","utility_file_downloader.talos_image"]},{"index_key":"talos-cp-3","schema_version":0,"attributes":{"base_volume_id":"/var/lib/vms/mid-pool/talos-base.qcow2","base_volume_name":null,"base_volume_pool":null,"format":"qcow2","id":"/var/lib/vms/mid-pool/talos-cp-3-disk.qcow2","name":"talos-cp-3-disk.qcow2","pool":"mid-pool","size":107374182400,"source":null,"xml":[]},"sensitive_attributes":[],"private":"bnVsbA==","dependencies":["libvirt_volume.talos_base","talos_image_factory_schematic.this","utility_file_downloader.talos_image"]}]},{"mode":"managed","type":"libvirt_volume","name":"talos_base","provider":"provider[\"registry.opentofu.org/dmacvicar/libvirt\"]","instances":[{"schema_version":0,"attributes":{"base_volume_id":null,"base_volume_name":null,"base_volume_pool":null,"format":"qcow2","id":"/var/lib/vms/mid-pool/talos-base.qcow2","name":"talos-base.qcow2","pool":"mid-pool","size":4453302272,"source":"./images/talos-94114f5dbe67331c4f9b2be0eac92deb1575d3edd3cd2a59ec1731c2ad430d78-v1.12.2-nocloud-amd64.qcow2","xml":[]},"sensitive_attributes":[],"private":"bnVsbA==","dependencies":["talos_image_factory_schematic.this","utility_file_downloader.talos_image"]}]},{"mode":"managed","type":"libvirt_volume","name":"worker_disk","provider":"provider[\"registry.opentofu.org/dmacvicar/libvirt\"]","instances":[{"index_key":"talos-worker-1","schema_version":0,"attributes":{"base_volume_id":"/var/lib/vms/mid-pool/talos-base.qcow2","base_volume_name":null,"base_volume_pool":null,"format":"qcow2","id":"/var/lib/vms/mid-pool/talos-worker-1-disk.qcow2","name":"talos-worker-1-disk.qcow2","pool":"mid-pool","size":107374182400,"source":null,"xml":[]},"sensitive_attributes":[],"private":"bnVsbA==","dependencies":["libvirt_volume.talos_base","talos_image_factory_schematic.this","utility_file_downloader.talos_image"]},{"index_key":"talos-worker-2","schema_version":0,"attributes":{"base_volume_id":"/var/lib/vms/mid-pool/talos-base.qcow2","base_volume_name":null,"base_volume_pool":null,"format":"qcow2","id":"/var/lib/vms/mid-pool/talos-worker-2-disk.qcow2","name":"talos-worker-2-disk.qcow2","pool":"mid-pool","size":107374182400,"source":null,"xml":[]},"sensitive_attributes":[],"private":"bnVsbA==","dependencies":["libvirt_volume.talos_base","talos_image_factory_schematic.this","utility_file_downloader.talos_image"]},{"index_key":"talos-worker-3","schema_version":0,"attributes":{"base_volume_id":"/var/lib/vms/mid-pool/talos-base.qcow2","base_volume_name":null,"base_volume_pool":null,"format":"qcow2","id":"/var/lib/vms/mid-pool/talos-worker-3-disk.qcow2","name":"talos-worker-3-disk.qcow2","pool":"mid-pool","size":107374182400,"source":null,"xml":[]},"sensitive_attributes":[],"private":"bnVsbA==","dependencies":["libvirt_volume.talos_base","talos_image_factory_schematic.this","utility_file_downloader.talos_image"]},{"index_key":"talos-worker-4","schema_version":0,"attributes":{"base_volume_id":"/var/lib/vms/mid-pool/talos-base.qcow2","base_volume_name":null,"base_volume_pool":null,"format":"qcow2","id":"/var/lib/vms/mid-pool/talos-worker-4-disk.qcow2","name":"talos-worker-4-disk.qcow2","pool":"mid-pool","size":107374182400,"source":null,"xml":[]},"sensitive_attributes":[],"private":"bnVsbA==","dependencies":["libvirt_volume.talos_base","talos_image_factory_schematic.this","utility_file_downloader.talos_image"]},{"index_key":"talos-worker-5","schema_version":0,"attributes":{"base_volume_id":"/var/lib/vms/mid-pool/talos-base.qcow2","base_volume_name":null,"base_volume_pool":null,"format":"qcow2","id":"/var/lib/vms/mid-pool/talos-worker-5-disk.qcow2","name":"talos-worker-5-disk.qcow2","pool":"mid-pool","size":107374182400,"source":null,"xml":[]},"sensitive_attributes":[],"private":"bnVsbA==","dependencies":["libvirt_volume.talos_base","talos_image_factory_schematic.this","utility_file_downloader.talos_image"]},{"index_key":"talos-worker-6","schema_version":0,"attributes":{"base_volume_id":"/var/lib/vms/mid-pool/talos-base.qcow2","base_volume_name":null,"base_volume_pool":null,"format":"qcow2","id":"/var/lib/vms/mid-pool/talos-worker-6-disk.qcow2","name":"talos-worker-6-disk.qcow2","pool":"mid-pool","size":107374182400,"source":null,"xml":[]},"sensitive_attributes":[],"private":"bnVsbA==","dependencies":["libvirt_volume.talos_base","talos_image_factory_schematic.this","utility_file_downloader.talos_image"]}]},{"mode":"managed","type":"talos_image_factory_schematic","name":"this","provider":"provider[\"registry.opentofu.org/siderolabs/talos\"]","instances":[{"schema_version":0,"attributes":{"id":"94114f5dbe67331c4f9b2be0eac92deb1575d3edd3cd2a59ec1731c2ad430d78","schematic":"\"customization\":\n  \"systemExtensions\":\n    \"officialExtensions\":\n    - \"siderolabs/binfmt-misc\"\n    - \"siderolabs/qemu-guest-agent\"\n"},"sensitive_attributes":[]}]},{"mode":"managed","type":"utility_file_downloader","name":"talos_image","provider":"provider[\"registry.terraform.io/frontiersgg/utility\"]","instances":[{"schema_version":0,"attributes":{"filename":"./images/talos-94114f5dbe67331c4f9b2be0eac92deb1575d3edd3cd2a59ec1731c2ad430d78-v1.12.2-nocloud-amd64.qcow2","force_download":null,"headers":null,"id":"735228dea5da9e14dd732166e9aace386c34ff2e","method":"GET","sha1":"735228dea5da9e14dd732166e9aace386c34ff2e","sha256":"c4d2b3f652fd1c0afe0ed2d45c9d4fba5045ea5fb62c0f285c70e867bb136e90","url":"https://factory.talos.dev/image/94114f5dbe67331c4f9b2be0eac92deb1575d3edd3cd2a59ec1731c2ad430d78/v1.12.2/nocloud-amd64.qcow2"},"sensitive_attributes":[[{"type":"get_attr","value":"headers"}]],"dependencies":["talos_image_factory_schematic.this"]}]}],"check_results":null}
