{"version":4,"terraform_version":"1.11.6","serial":3,"lineage":"b1dcb5c9-c5e8-6686-681a-5ec984087be5","outputs":{},"resources":[{"mode":"managed","type":"local_file","name":"traefik_helm_values","provider":"provider[\"registry.opentofu.org/hashicorp/local\"]","instances":[{"schema_version":0,"attributes":{"content":"# Generated for init-traefik.sh — Traefik as cluster ingress (Ingress + IngressRoute CRD).\ningressClass:\n  enabled: true\n  isDefaultClass: true\n\nservice:\n  spec:\n    type: LoadBalancer\n\n\nproviders:\n  kubernetesCRD:\n    enabled: true\n  kubernetesIngress:\n    enabled: true\n    # Fill Ingress status.loadBalancer so ExternalDNS (and clients) see the Traefik LB IP/hostname.\n    publishedService:\n      enabled: true\n\ndeployment:\n  replicas: 1\n","content_base64":null,"content_base64sha256":"uZx+IndJi5rnfgpYwV+/r1s+fiAYPSFWmIcm/kFdim0=","content_base64sha512":"1zqLCapd1KAWRFiicmsno4kSZlOWlFCh5gy27M7ZK0eSWWSZvZACOI26IP7hXH1wYkF30eiiraUjw89vrzlmJA==","content_md5":"d3b4dc33e5e90e065dc1e613e495ccf1","content_sha1":"f99aadaf0f281b0124f219e6b049117cd29a854f","content_sha256":"b99c7e2277498b9ae77e0a58c15fbfaf5b3e7e20183d2156988726fe415d8a6d","content_sha512":"d73a8b09aa5dd4a0164458a2726b27a389126653969450a1e60cb6ecced92b4792596499bd9002388dba20fee15c7d70624177d1e8a2ada523c3cf6faf396624","directory_permission":"0777","file_permission":"0644","filename":"/tmp/k8s-tf-out/traefik-helm-values.yaml","id":"f99aadaf0f281b0124f219e6b049117cd29a854f","sensitive_content":null,"source":null},"sensitive_attributes":[[{"type":"get_attr","value":"sensitive_content"}]],"dependencies":["null_resource.k8s_config_dir"]}]},{"mode":"managed","type":"null_resource","name":"k8s_config_dir","provider":"provider[\"registry.opentofu.org/hashicorp/null\"]","instances":[{"schema_version":0,"attributes":{"id":"4343582326254396356","triggers":{"path":"/tmp/k8s-tf-out"}},"sensitive_attributes":[]}]}],"check_results":[{"object_kind":"var","config_addr":"var.traefik_service_type","status":"pass","objects":[{"object_addr":"var.traefik_service_type","status":"pass"}]},{"object_kind":"check","config_addr":"check.worker_lan_ips_match_workers","status":"unknown","objects":null}]}
