{"version":4,"terraform_version":"1.11.4","serial":61,"lineage":"c0b0349a-b994-6afb-8f26-5d7000f0ee8b","outputs":{"talos_image_factory_url":{"value":"https://factory.talos.dev/?arch=amd64\u0026extensions=siderolabs%2Fbinfmt-misc\u0026extensions=siderolabs%2Fqemu-guest-agent\u0026platform=nocloud\u0026target=cloud\u0026version=1.12.2","type":"string"},"talos_image_path":{"value":"./images/talos-94114f5dbe67331c4f9b2be0eac92deb1575d3edd3cd2a59ec1731c2ad430d78-v1.12.2-nocloud-amd64.qcow2","type":"string"},"talos_image_url":{"value":"https://factory.talos.dev/image/94114f5dbe67331c4f9b2be0eac92deb1575d3edd3cd2a59ec1731c2ad430d78/v1.12.2/nocloud-amd64.qcow2","type":"string"},"talos_schematic_id":{"value":"94114f5dbe67331c4f9b2be0eac92deb1575d3edd3cd2a59ec1731c2ad430d78","type":"string"}},"resources":[{"mode":"data","type":"talos_image_factory_extensions_versions","name":"this","provider":"provider[\"registry.opentofu.org/siderolabs/talos\"]","instances":[{"schema_version":0,"attributes":{"extensions_info":[{"author":"Serge Logvinov","description":"[extra] This system extension provides kernel module driver for binfmt-misc built against a specific Talos version.\n","digest":"sha256:cac76f6ef90f326809cfcb10d613accaffcc0839ea0268a07bea458fca3294f5","name":"siderolabs/binfmt-misc","ref":"ghcr.io/siderolabs/binfmt-misc:v1.12.2"},{"author":"Markus Reiter","description":"[extra] This system extension provides the QEMU Guest Agent service.\n","digest":"sha256:6bc166eab4b5f1b88c4ddece0a898c6aee4bf9e3dcb8f97917ae0fc204b6242e","name":"siderolabs/qemu-guest-agent","ref":"ghcr.io/siderolabs/qemu-guest-agent:10.2.0"}],"filters":{"names":["siderolabs/binfmt-misc","siderolabs/qemu-guest-agent"]},"id":"extensions_info","talos_version":"v1.12.2"},"sensitive_attributes":[]}]},{"mode":"managed","type":"libvirt_cloudinit_disk","name":"cp_seed","provider":"provider[\"registry.opentofu.org/dmacvicar/libvirt\"]","instances":[{"index_key":"talos-cp-1","schema_version":0,"attributes":{"id":"/var/lib/vms/mid-pool/talos-cp-1-cloudinit;2006d35e-91f6-4d18-8d77-7068aa28e404","meta_data":"instance-id: talos-cp-1\nlocal-hostname: talos-cp-1\n","name":"talos-cp-1-cloudinit","network_config":"version: 2\nethernets:\n  eth0:\n    dhcp4: true\n","pool":"mid-pool","user_data":"#cloud-config\nchpasswd:\n  list: |\n    root:password\n  expire: false\n\nssh_pwauth: true\n\npackages:\n  - openssh-server\n\ntimezone: UTC\n"},"sensitive_attributes":[],"private":"bnVsbA=="},{"index_key":"talos-cp-2","schema_version":0,"attributes":{"id":"/var/lib/vms/mid-pool/talos-cp-2-cloudinit;3bbea628-7f6d-46d8-b83e-c185d456f1d6","meta_data":"instance-id: talos-cp-2\nlocal-hostname: talos-cp-2\n","name":"talos-cp-2-cloudinit","network_config":"version: 2\nethernets:\n  eth0:\n    dhcp4: true\n","pool":"mid-pool","user_data":"#cloud-config\nchpasswd:\n  list: |\n    root:password\n  expire: false\n\nssh_pwauth: true\n\npackages:\n  - openssh-server\n\ntimezone: UTC\n"},"sensitive_attributes":[],"private":"bnVsbA=="},{"index_key":"talos-cp-3","schema_version":0,"attributes":{"id":"/var/lib/vms/mid-pool/talos-cp-3-cloudinit;4cc6f57e-2748-46d7-ba9e-7a4262515b35","meta_data":"instance-id: talos-cp-3\nlocal-hostname: talos-cp-3\n","name":"talos-cp-3-cloudinit","network_config":"version: 2\nethernets:\n  eth0:\n    dhcp4: true\n","pool":"mid-pool","user_data":"#cloud-config\nchpasswd:\n  list: |\n    root:password\n  expire: false\n\nssh_pwauth: true\n\npackages:\n  - openssh-server\n\ntimezone: UTC\n"},"sensitive_attributes":[],"private":"bnVsbA=="}]},{"mode":"managed","type":"libvirt_cloudinit_disk","name":"gateway_seed","provider":"provider[\"registry.opentofu.org/dmacvicar/libvirt\"]","instances":[{"index_key":"gateway-1","schema_version":0,"attributes":{"id":"/var/lib/vms/mid-pool/gateway-1-cloudinit;def26cbb-4518-43b5-9b20-fa7bb590f3e0","meta_data":"instance-id: gateway-1\nlocal-hostname: gateway-1\n","name":"gateway-1-cloudinit","network_config":"version: 2\nethernets:\n  ens3:\n    addresses:\n      - 192.168.1.11/24\n    gateway4: 192.168.1.254\n    nameservers:\n      addresses:\n        - 192.168.1.254\n  ens4:\n    dhcp4: true\n","pool":"mid-pool","user_data":"    #cloud-config\n    users:\n      - name: kakwa\n        groups: [sudo]\n        shell: /bin/bash\n        ssh_authorized_keys:\n          - ecdsa-sha2-nistp384 AAAAE2VjZHNhLXNoYTItbmlzdHAzODQAAAAIbmlzdHAzODQAAABhBIefJ3PQVyfXunlkWc6Ukdw8EZNw8sLX1Pda0p+PckY/maze5K298CiSuE+5LR/9RM5lwx8N8NqnuKTUUSHsfs58jI03RNAuFHaT4Sc6PKS7SfG9t3ZDkCVSdn5Csopwgg== kakwa@tsingtao\n\n    chpasswd:\n      list: |\n        root:password\n      expire: false\n\n    ssh_pwauth: true\n\n    packages:\n      - openssh-server\n      - qemu-guest-agent\n\n    runcmd:\n      - systemctl enable --now qemu-guest-agent\n\n    timezone: UTC\n"},"sensitive_attributes":[],"private":"bnVsbA=="},{"index_key":"gateway-2","schema_version":0,"attributes":{"id":"/var/lib/vms/mid-pool/gateway-2-cloudinit;0fb672fb-23fa-4442-95ba-e0031e2fd29f","meta_data":"instance-id: gateway-2\nlocal-hostname: gateway-2\n","name":"gateway-2-cloudinit","network_config":"version: 2\nethernets:\n  ens3:\n    addresses:\n      - 192.168.1.12/24\n    gateway4: 192.168.1.254\n    nameservers:\n      addresses:\n        - 192.168.1.254\n  ens4:\n    dhcp4: true\n","pool":"mid-pool","user_data":"    #cloud-config\n    users:\n      - name: kakwa\n        groups: [sudo]\n        shell: /bin/bash\n        ssh_authorized_keys:\n          - ecdsa-sha2-nistp384 AAAAE2VjZHNhLXNoYTItbmlzdHAzODQAAAAIbmlzdHAzODQAAABhBIefJ3PQVyfXunlkWc6Ukdw8EZNw8sLX1Pda0p+PckY/maze5K298CiSuE+5LR/9RM5lwx8N8NqnuKTUUSHsfs58jI03RNAuFHaT4Sc6PKS7SfG9t3ZDkCVSdn5Csopwgg== kakwa@tsingtao\n\n    chpasswd:\n      list: |\n        root:password\n      expire: false\n\n    ssh_pwauth: true\n\n    packages:\n      - openssh-server\n      - qemu-guest-agent\n\n    runcmd:\n      - systemctl enable --now qemu-guest-agent\n\n    timezone: UTC\n"},"sensitive_attributes":[],"private":"bnVsbA=="}]},{"mode":"managed","type":"libvirt_cloudinit_disk","name":"utility_seed","provider":"provider[\"registry.opentofu.org/dmacvicar/libvirt\"]","instances":[{"index_key":0,"schema_version":0,"attributes":{"id":"/var/lib/vms/mid-pool/utility-cloudinit;652faa37-6d65-4d61-aed0-d50a2157736a","meta_data":"instance-id: utility\nlocal-hostname: utility\n","name":"utility-cloudinit","network_config":"version: 2\nethernets:\n  ens3:\n    addresses:\n      - 192.168.1.13/24\n    gateway4: 192.168.1.254\n    nameservers:\n      addresses:\n        - 192.168.1.254\n  ens4:\n    dhcp4: true\n","pool":"mid-pool","user_data":"    #cloud-config\n    users:\n      - name: kakwa\n        groups: [sudo]\n        shell: /bin/bash\n        ssh_authorized_keys:\n          - ecdsa-sha2-nistp384 AAAAE2VjZHNhLXNoYTItbmlzdHAzODQAAAAIbmlzdHAzODQAAABhBIefJ3PQVyfXunlkWc6Ukdw8EZNw8sLX1Pda0p+PckY/maze5K298CiSuE+5LR/9RM5lwx8N8NqnuKTUUSHsfs58jI03RNAuFHaT4Sc6PKS7SfG9t3ZDkCVSdn5Csopwgg== kakwa@tsingtao\n\n    chpasswd:\n      list: |\n        root:password\n      expire: false\n\n    ssh_pwauth: true\n\n    packages:\n      - openssh-server\n      - qemu-guest-agent\n\n    runcmd:\n      - systemctl enable --now qemu-guest-agent\n\n    timezone: UTC\n"},"sensitive_attributes":[],"private":"bnVsbA=="}]},{"mode":"managed","type":"libvirt_cloudinit_disk","name":"worker_seed","provider":"provider[\"registry.opentofu.org/dmacvicar/libvirt\"]","instances":[{"index_key":"talos-worker-1","schema_version":0,"attributes":{"id":"/var/lib/vms/mid-pool/talos-worker-1-cloudinit;31c462fb-7ea7-4b4c-b13d-a43d0b383047","meta_data":"instance-id: talos-worker-1\nlocal-hostname: talos-worker-1\n","name":"talos-worker-1-cloudinit","network_config":"version: 2\nethernets:\n  eth0:\n    dhcp4: true\n","pool":"mid-pool","user_data":"#cloud-config\nchpasswd:\n  list: |\n    root:password\n  expire: false\n\nssh_pwauth: true\n\npackages:\n  - openssh-server\n\ntimezone: UTC\n"},"sensitive_attributes":[],"private":"bnVsbA=="},{"index_key":"talos-worker-2","schema_version":0,"attributes":{"id":"/var/lib/vms/mid-pool/talos-worker-2-cloudinit;5bb2995f-0ebd-463c-a026-2fe7b9bf8df4","meta_data":"instance-id: talos-worker-2\nlocal-hostname: talos-worker-2\n","name":"talos-worker-2-cloudinit","network_config":"version: 2\nethernets:\n  eth0:\n    dhcp4: true\n","pool":"mid-pool","user_data":"#cloud-config\nchpasswd:\n  list: |\n    root:password\n  expire: false\n\nssh_pwauth: true\n\npackages:\n  - openssh-server\n\ntimezone: UTC\n"},"sensitive_attributes":[],"private":"bnVsbA=="},{"index_key":"talos-worker-3","schema_version":0,"attributes":{"id":"/var/lib/vms/mid-pool/talos-worker-3-cloudinit;d84f9534-effa-4174-9692-5d1be412a9a4","meta_data":"instance-id: talos-worker-3\nlocal-hostname: talos-worker-3\n","name":"talos-worker-3-cloudinit","network_config":"version: 2\nethernets:\n  eth0:\n    dhcp4: true\n","pool":"mid-pool","user_data":"#cloud-config\nchpasswd:\n  list: |\n    root:password\n  expire: false\n\nssh_pwauth: true\n\npackages:\n  - openssh-server\n\ntimezone: UTC\n"},"sensitive_attributes":[],"private":"bnVsbA=="},{"index_key":"talos-worker-4","schema_version":0,"attributes":{"id":"/var/lib/vms/mid-pool/talos-worker-4-cloudinit;0cbd896d-fea2-4efe-b880-fbf19ce2e358","meta_data":"instance-id: talos-worker-4\nlocal-hostname: talos-worker-4\n","name":"talos-worker-4-cloudinit","network_config":"version: 2\nethernets:\n  eth0:\n    dhcp4: true\n","pool":"mid-pool","user_data":"#cloud-config\nchpasswd:\n  list: |\n    root:password\n  expire: false\n\nssh_pwauth: true\n\npackages:\n  - openssh-server\n\ntimezone: UTC\n"},"sensitive_attributes":[],"private":"bnVsbA=="},{"index_key":"talos-worker-5","schema_version":0,"attributes":{"id":"/var/lib/vms/mid-pool/talos-worker-5-cloudinit;b5927a77-993c-4a7e-8ef6-43474706bb5a","meta_data":"instance-id: talos-worker-5\nlocal-hostname: talos-worker-5\n","name":"talos-worker-5-cloudinit","network_config":"version: 2\nethernets:\n  eth0:\n    dhcp4: true\n","pool":"mid-pool","user_data":"#cloud-config\nchpasswd:\n  list: |\n    root:password\n  expire: false\n\nssh_pwauth: true\n\npackages:\n  - openssh-server\n\ntimezone: UTC\n"},"sensitive_attributes":[],"private":"bnVsbA=="},{"index_key":"talos-worker-6","schema_version":0,"attributes":{"id":"/var/lib/vms/mid-pool/talos-worker-6-cloudinit;28daa012-4000-450b-8817-88326556a6d9","meta_data":"instance-id: talos-worker-6\nlocal-hostname: talos-worker-6\n","name":"talos-worker-6-cloudinit","network_config":"version: 2\nethernets:\n  eth0:\n    dhcp4: true\n","pool":"mid-pool","user_data":"#cloud-config\nchpasswd:\n  list: |\n    root:password\n  expire: false\n\nssh_pwauth: true\n\npackages:\n  - openssh-server\n\ntimezone: UTC\n"},"sensitive_attributes":[],"private":"bnVsbA=="}]},{"mode":"managed","type":"libvirt_domain","name":"control_plane","provider":"provider[\"registry.opentofu.org/dmacvicar/libvirt\"]","instances":[{"index_key":"talos-cp-1","schema_version":0,"attributes":{"arch":"x86_64","autostart":false,"boot_device":[],"cloudinit":null,"cmdline":null,"console":[{"source_host":"127.0.0.1","source_path":"","source_service":"0","target_port":"0","target_type":"serial","type":"pty"}],"coreos_ignition":null,"cpu":[{"mode":"host-passthrough"}],"description":"","disk":[{"block_device":"","file":"","scsi":false,"url":"","volume_id":"/var/lib/vms/mid-pool/talos-cp-1-disk.qcow2","wwn":""},{"block_device":"","file":"","scsi":false,"url":"","volume_id":"/var/lib/vms/mid-pool/talos-cp-1-cloudinit","wwn":""}],"emulator":"/usr/bin/qemu-system-x86_64","filesystem":[],"firmware":null,"fw_cfg_name":"opt/com.coreos/config","graphics":[{"autoport":true,"listen_address":"127.0.0.1","listen_type":"address","type":"spice","websocket":0}],"id":"8ce4bc8d-4563-4a5e-9315-286835d414e4","initrd":"","kernel":"","machine":"pc","memory":1024,"metadata":null,"name":"talos-cp-1","network_interface":[{"addresses":["192.168.100.168"],"bridge":"","hostname":"","mac":"52:54:00:EA:95:62","macvtap":"","network_id":"80db38d7-fee3-4c71-8df3-c7a5c8a9cfbd","network_name":"talos-network","passthrough":"","private":"","vepa":"","wait_for_lease":true}],"nvram":null,"qemu_agent":false,"running":true,"timeouts":null,"tpm":[],"type":"kvm","vcpu":2,"video":[{"type":"virtio"}],"xml":[]},"sensitive_attributes":[],"private":"eyJlMmJmYjczMC1lY2FhLTExZTYtOGY4OC0zNDM2M2JjN2M0YzAiOnsiY3JlYXRlIjozMDAwMDAwMDAwMDB9fQ==","dependencies":["libvirt_cloudinit_disk.cp_seed","libvirt_network.talos_network","libvirt_volume.cp_disk","libvirt_volume.talos_base","talos_image_factory_schematic.this","utility_file_downloader.talos_image"]},{"index_key":"talos-cp-2","schema_version":0,"attributes":{"arch":"x86_64","autostart":false,"boot_device":[],"cloudinit":null,"cmdline":null,"console":[{"source_host":"127.0.0.1","source_path":"","source_service":"0","target_port":"0","target_type":"serial","type":"pty"}],"coreos_ignition":null,"cpu":[{"mode":"host-passthrough"}],"description":"","disk":[{"block_device":"","file":"","scsi":false,"url":"","volume_id":"/var/lib/vms/mid-pool/talos-cp-2-disk.qcow2","wwn":""},{"block_device":"","file":"","scsi":false,"url":"","volume_id":"/var/lib/vms/mid-pool/talos-cp-2-cloudinit","wwn":""}],"emulator":"/usr/bin/qemu-system-x86_64","filesystem":[],"firmware":null,"fw_cfg_name":"opt/com.coreos/config","graphics":[{"autoport":true,"listen_address":"127.0.0.1","listen_type":"address","type":"spice","websocket":0}],"id":"9c53d3d7-b4ad-4093-b0e4-c06a6b1504cc","initrd":"","kernel":"","machine":"pc","memory":1024,"metadata":null,"name":"talos-cp-2","network_interface":[{"addresses":["192.168.100.179"],"bridge":"","hostname":"","mac":"52:54:00:9E:FE:76","macvtap":"","network_id":"80db38d7-fee3-4c71-8df3-c7a5c8a9cfbd","network_name":"talos-network","passthrough":"","private":"","vepa":"","wait_for_lease":true}],"nvram":null,"qemu_agent":false,"running":true,"timeouts":null,"tpm":[],"type":"kvm","vcpu":2,"video":[{"type":"virtio"}],"xml":[]},"sensitive_attributes":[],"private":"eyJlMmJmYjczMC1lY2FhLTExZTYtOGY4OC0zNDM2M2JjN2M0YzAiOnsiY3JlYXRlIjozMDAwMDAwMDAwMDB9fQ==","dependencies":["libvirt_cloudinit_disk.cp_seed","libvirt_network.talos_network","libvirt_volume.cp_disk","libvirt_volume.talos_base","talos_image_factory_schematic.this","utility_file_downloader.talos_image"]},{"index_key":"talos-cp-3","schema_version":0,"attributes":{"arch":"x86_64","autostart":false,"boot_device":[],"cloudinit":null,"cmdline":null,"console":[{"source_host":"127.0.0.1","source_path":"","source_service":"0","target_port":"0","target_type":"serial","type":"pty"}],"coreos_ignition":null,"cpu":[{"mode":"host-passthrough"}],"description":"","disk":[{"block_device":"","file":"","scsi":false,"url":"","volume_id":"/var/lib/vms/mid-pool/talos-cp-3-disk.qcow2","wwn":""},{"block_device":"","file":"","scsi":false,"url":"","volume_id":"/var/lib/vms/mid-pool/talos-cp-3-cloudinit","wwn":""}],"emulator":"/usr/bin/qemu-system-x86_64","filesystem":[],"firmware":null,"fw_cfg_name":"opt/com.coreos/config","graphics":[{"autoport":true,"listen_address":"127.0.0.1","listen_type":"address","type":"spice","websocket":0}],"id":"13bd0cf7-6899-48d1-bdbc-f9ea2e6896d0","initrd":"","kernel":"","machine":"pc","memory":1024,"metadata":null,"name":"talos-cp-3","network_interface":[{"addresses":["192.168.100.35"],"bridge":"","hostname":"","mac":"52:54:00:AA:94:06","macvtap":"","network_id":"80db38d7-fee3-4c71-8df3-c7a5c8a9cfbd","network_name":"talos-network","passthrough":"","private":"","vepa":"","wait_for_lease":true}],"nvram":null,"qemu_agent":false,"running":true,"timeouts":null,"tpm":[],"type":"kvm","vcpu":2,"video":[{"type":"virtio"}],"xml":[]},"sensitive_attributes":[],"private":"eyJlMmJmYjczMC1lY2FhLTExZTYtOGY4OC0zNDM2M2JjN2M0YzAiOnsiY3JlYXRlIjozMDAwMDAwMDAwMDB9fQ==","dependencies":["libvirt_cloudinit_disk.cp_seed","libvirt_network.talos_network","libvirt_volume.cp_disk","libvirt_volume.talos_base","talos_image_factory_schematic.this","utility_file_downloader.talos_image"]}]},{"mode":"managed","type":"libvirt_domain","name":"gateway","provider":"provider[\"registry.opentofu.org/dmacvicar/libvirt\"]","instances":[{"index_key":"gateway-1","status":"tainted","schema_version":0,"attributes":{"arch":null,"autostart":null,"boot_device":[],"cloudinit":null,"cmdline":null,"console":[{"source_host":"127.0.0.1","source_path":"","source_service":"0","target_port":"0","target_type":"serial","type":"pty"}],"coreos_ignition":null,"cpu":[{"mode":"host-passthrough"}],"description":null,"disk":[{"block_device":"","file":"","scsi":false,"url":"","volume_id":"/var/lib/vms/mid-pool/gateway-1-disk.qcow2","wwn":""},{"block_device":"","file":"","scsi":false,"url":"","volume_id":"/var/lib/vms/mid-pool/gateway-1-cloudinit","wwn":""}],"emulator":null,"filesystem":[],"firmware":null,"fw_cfg_name":"opt/com.coreos/config","graphics":[{"autoport":true,"listen_address":"127.0.0.1","listen_type":"address","type":"spice","websocket":0}],"id":"a143e8b1-f3f9-41e2-9c68-3a8f2f90b93b","initrd":null,"kernel":null,"machine":null,"memory":1024,"metadata":null,"name":"gateway-1","network_interface":[{"addresses":[],"bridge":"","hostname":"","mac":"","macvtap":"","network_id":"4a1f4100-251f-4d3c-a749-71fdc632e8ea","network_name":"","passthrough":"","private":"","vepa":"","wait_for_lease":true},{"addresses":[],"bridge":"","hostname":"","mac":"","macvtap":"","network_id":"80db38d7-fee3-4c71-8df3-c7a5c8a9cfbd","network_name":"","passthrough":"","private":"","vepa":"","wait_for_lease":true}],"nvram":null,"qemu_agent":false,"running":true,"timeouts":null,"tpm":[],"type":"kvm","vcpu":2,"video":[{"type":"virtio"}],"xml":[]},"sensitive_attributes":[],"private":"eyJlMmJmYjczMC1lY2FhLTExZTYtOGY4OC0zNDM2M2JjN2M0YzAiOnsiY3JlYXRlIjozMDAwMDAwMDAwMDB9fQ==","dependencies":["libvirt_cloudinit_disk.gateway_seed","libvirt_network.bridge_network","libvirt_network.talos_network","libvirt_volume.debian_base","libvirt_volume.gateway_disk","utility_file_downloader.debian_image"]},{"index_key":"gateway-2","status":"tainted","schema_version":0,"attributes":{"arch":null,"autostart":null,"boot_device":[],"cloudinit":null,"cmdline":null,"console":[{"source_host":"127.0.0.1","source_path":"","source_service":"0","target_port":"0","target_type":"serial","type":"pty"}],"coreos_ignition":null,"cpu":[{"mode":"host-passthrough"}],"description":null,"disk":[{"block_device":"","file":"","scsi":false,"url":"","volume_id":"/var/lib/vms/mid-pool/gateway-2-disk.qcow2","wwn":""},{"block_device":"","file":"","scsi":false,"url":"","volume_id":"/var/lib/vms/mid-pool/gateway-2-cloudinit","wwn":""}],"emulator":null,"filesystem":[],"firmware":null,"fw_cfg_name":"opt/com.coreos/config","graphics":[{"autoport":true,"listen_address":"127.0.0.1","listen_type":"address","type":"spice","websocket":0}],"id":"d78d1535-9de1-46ba-979e-67c75a2d5b71","initrd":null,"kernel":null,"machine":null,"memory":1024,"metadata":null,"name":"gateway-2","network_interface":[{"addresses":[],"bridge":"","hostname":"","mac":"","macvtap":"","network_id":"4a1f4100-251f-4d3c-a749-71fdc632e8ea","network_name":"","passthrough":"","private":"","vepa":"","wait_for_lease":true},{"addresses":[],"bridge":"","hostname":"","mac":"","macvtap":"","network_id":"80db38d7-fee3-4c71-8df3-c7a5c8a9cfbd","network_name":"","passthrough":"","private":"","vepa":"","wait_for_lease":true}],"nvram":null,"qemu_agent":false,"running":true,"timeouts":null,"tpm":[],"type":"kvm","vcpu":2,"video":[{"type":"virtio"}],"xml":[]},"sensitive_attributes":[],"private":"eyJlMmJmYjczMC1lY2FhLTExZTYtOGY4OC0zNDM2M2JjN2M0YzAiOnsiY3JlYXRlIjozMDAwMDAwMDAwMDB9fQ==","dependencies":["libvirt_cloudinit_disk.gateway_seed","libvirt_network.bridge_network","libvirt_network.talos_network","libvirt_volume.debian_base","libvirt_volume.gateway_disk","utility_file_downloader.debian_image"]}]},{"mode":"managed","type":"libvirt_domain","name":"utility","provider":"provider[\"registry.opentofu.org/dmacvicar/libvirt\"]","instances":[{"status":"tainted","schema_version":0,"attributes":{"arch":null,"autostart":null,"boot_device":[],"cloudinit":null,"cmdline":null,"console":[{"source_host":"127.0.0.1","source_path":"","source_service":"0","target_port":"0","target_type":"serial","type":"pty"}],"coreos_ignition":null,"cpu":[{"mode":"host-passthrough"}],"description":null,"disk":[{"block_device":"","file":"","scsi":false,"url":"","volume_id":"/var/lib/vms/mid-pool/utility-disk.qcow2","wwn":""},{"block_device":"","file":"","scsi":false,"url":"","volume_id":"/var/lib/vms/mid-pool/utility-cloudinit","wwn":""}],"emulator":null,"filesystem":[],"firmware":null,"fw_cfg_name":"opt/com.coreos/config","graphics":[{"autoport":true,"listen_address":"127.0.0.1","listen_type":"address","type":"spice","websocket":0}],"id":"f2a7fc6b-7390-46b2-b584-4ab566af61f3","initrd":null,"kernel":null,"machine":null,"memory":1024,"metadata":null,"name":"utility","network_interface":[{"addresses":[],"bridge":"","hostname":"","mac":"","macvtap":"","network_id":"4a1f4100-251f-4d3c-a749-71fdc632e8ea","network_name":"","passthrough":"","private":"","vepa":"","wait_for_lease":true},{"addresses":[],"bridge":"","hostname":"","mac":"","macvtap":"","network_id":"80db38d7-fee3-4c71-8df3-c7a5c8a9cfbd","network_name":"","passthrough":"","private":"","vepa":"","wait_for_lease":true}],"nvram":null,"qemu_agent":false,"running":true,"timeouts":null,"tpm":[],"type":"kvm","vcpu":2,"video":[{"type":"virtio"}],"xml":[]},"sensitive_attributes":[],"private":"eyJlMmJmYjczMC1lY2FhLTExZTYtOGY4OC0zNDM2M2JjN2M0YzAiOnsiY3JlYXRlIjozMDAwMDAwMDAwMDB9fQ==","dependencies":["libvirt_cloudinit_disk.utility_seed","libvirt_network.bridge_network","libvirt_network.talos_network","libvirt_volume.debian_base","libvirt_volume.utility_disk","utility_file_downloader.debian_image"]}]},{"mode":"managed","type":"libvirt_domain","name":"workers","provider":"provider[\"registry.opentofu.org/dmacvicar/libvirt\"]","instances":[{"index_key":"talos-worker-1","schema_version":0,"attributes":{"arch":"x86_64","autostart":false,"boot_device":[],"cloudinit":null,"cmdline":null,"console":[{"source_host":"127.0.0.1","source_path":"","source_service":"0","target_port":"0","target_type":"serial","type":"pty"}],"coreos_ignition":null,"cpu":[{"mode":"host-passthrough"}],"description":"","disk":[{"block_device":"","file":"","scsi":false,"url":"","volume_id":"/var/lib/vms/mid-pool/talos-worker-1-disk.qcow2","wwn":""},{"block_device":"","file":"","scsi":false,"url":"","volume_id":"/var/lib/vms/mid-pool/talos-worker-1-cloudinit","wwn":""}],"emulator":"/usr/bin/qemu-system-x86_64","filesystem":[],"firmware":null,"fw_cfg_name":"opt/com.coreos/config","graphics":[{"autoport":true,"listen_address":"127.0.0.1","listen_type":"address","type":"spice","websocket":0}],"id":"6e242b1a-27e4-4b2d-86c0-f926182c7e9a","initrd":"","kernel":"","machine":"pc","memory":2048,"metadata":null,"name":"talos-worker-1","network_interface":[{"addresses":["192.168.100.15"],"bridge":"","hostname":"","mac":"52:54:00:BA:09:C6","macvtap":"","network_id":"80db38d7-fee3-4c71-8df3-c7a5c8a9cfbd","network_name":"talos-network","passthrough":"","private":"","vepa":"","wait_for_lease":true}],"nvram":null,"qemu_agent":false,"running":true,"timeouts":null,"tpm":[],"type":"kvm","vcpu":2,"video":[{"type":"virtio"}],"xml":[]},"sensitive_attributes":[],"private":"eyJlMmJmYjczMC1lY2FhLTExZTYtOGY4OC0zNDM2M2JjN2M0YzAiOnsiY3JlYXRlIjozMDAwMDAwMDAwMDB9fQ==","dependencies":["libvirt_cloudinit_disk.worker_seed","libvirt_network.talos_network","libvirt_volume.talos_base","libvirt_volume.worker_disk","talos_image_factory_schematic.this","utility_file_downloader.talos_image"]},{"index_key":"talos-worker-2","schema_version":0,"attributes":{"arch":"x86_64","autostart":false,"boot_device":[],"cloudinit":null,"cmdline":null,"console":[{"source_host":"127.0.0.1","source_path":"","source_service":"0","target_port":"0","target_type":"serial","type":"pty"}],"coreos_ignition":null,"cpu":[{"mode":"host-passthrough"}],"description":"","disk":[{"block_device":"","file":"","scsi":false,"url":"","volume_id":"/var/lib/vms/mid-pool/talos-worker-2-disk.qcow2","wwn":""},{"block_device":"","file":"","scsi":false,"url":"","volume_id":"/var/lib/vms/mid-pool/talos-worker-2-cloudinit","wwn":""}],"emulator":"/usr/bin/qemu-system-x86_64","filesystem":[],"firmware":null,"fw_cfg_name":"opt/com.coreos/config","graphics":[{"autoport":true,"listen_address":"127.0.0.1","listen_type":"address","type":"spice","websocket":0}],"id":"bb64d4d7-6dcb-4366-85a2-b3875aa07234","initrd":"","kernel":"","machine":"pc","memory":2048,"metadata":null,"name":"talos-worker-2","network_interface":[{"addresses":["192.168.100.47"],"bridge":"","hostname":"","mac":"52:54:00:96:F6:93","macvtap":"","network_id":"80db38d7-fee3-4c71-8df3-c7a5c8a9cfbd","network_name":"talos-network","passthrough":"","private":"","vepa":"","wait_for_lease":true}],"nvram":null,"qemu_agent":false,"running":true,"timeouts":null,"tpm":[],"type":"kvm","vcpu":2,"video":[{"type":"virtio"}],"xml":[]},"sensitive_attributes":[],"private":"eyJlMmJmYjczMC1lY2FhLTExZTYtOGY4OC0zNDM2M2JjN2M0YzAiOnsiY3JlYXRlIjozMDAwMDAwMDAwMDB9fQ==","dependencies":["libvirt_cloudinit_disk.worker_seed","libvirt_network.talos_network","libvirt_volume.talos_base","libvirt_volume.worker_disk","talos_image_factory_schematic.this","utility_file_downloader.talos_image"]},{"index_key":"talos-worker-3","schema_version":0,"attributes":{"arch":"x86_64","autostart":false,"boot_device":[],"cloudinit":null,"cmdline":null,"console":[{"source_host":"127.0.0.1","source_path":"","source_service":"0","target_port":"0","target_type":"serial","type":"pty"}],"coreos_ignition":null,"cpu":[{"mode":"host-passthrough"}],"description":"","disk":[{"block_device":"","file":"","scsi":false,"url":"","volume_id":"/var/lib/vms/mid-pool/talos-worker-3-disk.qcow2","wwn":""},{"block_device":"","file":"","scsi":false,"url":"","volume_id":"/var/lib/vms/mid-pool/talos-worker-3-cloudinit","wwn":""}],"emulator":"/usr/bin/qemu-system-x86_64","filesystem":[],"firmware":null,"fw_cfg_name":"opt/com.coreos/config","graphics":[{"autoport":true,"listen_address":"127.0.0.1","listen_type":"address","type":"spice","websocket":0}],"id":"49a2a5c9-303d-4d94-b9f5-83d24b37fd3d","initrd":"","kernel":"","machine":"pc","memory":2048,"metadata":null,"name":"talos-worker-3","network_interface":[{"addresses":["192.168.100.23"],"bridge":"","hostname":"","mac":"52:54:00:02:CA:29","macvtap":"","network_id":"80db38d7-fee3-4c71-8df3-c7a5c8a9cfbd","network_name":"talos-network","passthrough":"","private":"","vepa":"","wait_for_lease":true}],"nvram":null,"qemu_agent":false,"running":true,"timeouts":null,"tpm":[],"type":"kvm","vcpu":2,"video":[{"type":"virtio"}],"xml":[]},"sensitive_attributes":[],"private":"eyJlMmJmYjczMC1lY2FhLTExZTYtOGY4OC0zNDM2M2JjN2M0YzAiOnsiY3JlYXRlIjozMDAwMDAwMDAwMDB9fQ==","dependencies":["libvirt_cloudinit_disk.worker_seed","libvirt_network.talos_network","libvirt_volume.talos_base","libvirt_volume.worker_disk","talos_image_factory_schematic.this","utility_file_downloader.talos_image"]},{"index_key":"talos-worker-4","schema_version":0,"attributes":{"arch":"x86_64","autostart":false,"boot_device":[],"cloudinit":null,"cmdline":null,"console":[{"source_host":"127.0.0.1","source_path":"","source_service":"0","target_port":"0","target_type":"serial","type":"pty"}],"coreos_ignition":null,"cpu":[{"mode":"host-passthrough"}],"description":"","disk":[{"block_device":"","file":"","scsi":false,"url":"","volume_id":"/var/lib/vms/mid-pool/talos-worker-4-disk.qcow2","wwn":""},{"block_device":"","file":"","scsi":false,"url":"","volume_id":"/var/lib/vms/mid-pool/talos-worker-4-cloudinit","wwn":""}],"emulator":"/usr/bin/qemu-system-x86_64","filesystem":[],"firmware":null,"fw_cfg_name":"opt/com.coreos/config","graphics":[{"autoport":true,"listen_address":"127.0.0.1","listen_type":"address","type":"spice","websocket":0}],"id":"a2443547-483f-4f18-8ba8-8d0bf50b740e","initrd":"","kernel":"","machine":"pc","memory":2048,"metadata":null,"name":"talos-worker-4","network_interface":[{"addresses":["192.168.100.186"],"bridge":"","hostname":"","mac":"52:54:00:A6:C2:35","macvtap":"","network_id":"80db38d7-fee3-4c71-8df3-c7a5c8a9cfbd","network_name":"talos-network","passthrough":"","private":"","vepa":"","wait_for_lease":true}],"nvram":null,"qemu_agent":false,"running":true,"timeouts":null,"tpm":[],"type":"kvm","vcpu":2,"video":[{"type":"virtio"}],"xml":[]},"sensitive_attributes":[],"private":"eyJlMmJmYjczMC1lY2FhLTExZTYtOGY4OC0zNDM2M2JjN2M0YzAiOnsiY3JlYXRlIjozMDAwMDAwMDAwMDB9fQ==","dependencies":["libvirt_cloudinit_disk.worker_seed","libvirt_network.talos_network","libvirt_volume.talos_base","libvirt_volume.worker_disk","talos_image_factory_schematic.this","utility_file_downloader.talos_image"]},{"index_key":"talos-worker-5","schema_version":0,"attributes":{"arch":"x86_64","autostart":false,"boot_device":[],"cloudinit":null,"cmdline":null,"console":[{"source_host":"127.0.0.1","source_path":"","source_service":"0","target_port":"0","target_type":"serial","type":"pty"}],"coreos_ignition":null,"cpu":[{"mode":"host-passthrough"}],"description":"","disk":[{"block_device":"","file":"","scsi":false,"url":"","volume_id":"/var/lib/vms/mid-pool/talos-worker-5-disk.qcow2","wwn":""},{"block_device":"","file":"","scsi":false,"url":"","volume_id":"/var/lib/vms/mid-pool/talos-worker-5-cloudinit","wwn":""}],"emulator":"/usr/bin/qemu-system-x86_64","filesystem":[],"firmware":null,"fw_cfg_name":"opt/com.coreos/config","graphics":[{"autoport":true,"listen_address":"127.0.0.1","listen_type":"address","type":"spice","websocket":0}],"id":"86399873-99fd-4de4-944a-c26cd406e7ca","initrd":"","kernel":"","machine":"pc","memory":2048,"metadata":null,"name":"talos-worker-5","network_interface":[{"addresses":["192.168.100.142"],"bridge":"","hostname":"","mac":"52:54:00:E6:E1:55","macvtap":"","network_id":"80db38d7-fee3-4c71-8df3-c7a5c8a9cfbd","network_name":"talos-network","passthrough":"","private":"","vepa":"","wait_for_lease":true}],"nvram":null,"qemu_agent":false,"running":true,"timeouts":null,"tpm":[],"type":"kvm","vcpu":2,"video":[{"type":"virtio"}],"xml":[]},"sensitive_attributes":[],"private":"eyJlMmJmYjczMC1lY2FhLTExZTYtOGY4OC0zNDM2M2JjN2M0YzAiOnsiY3JlYXRlIjozMDAwMDAwMDAwMDB9fQ==","dependencies":["libvirt_cloudinit_disk.worker_seed","libvirt_network.talos_network","libvirt_volume.talos_base","libvirt_volume.worker_disk","talos_image_factory_schematic.this","utility_file_downloader.talos_image"]},{"index_key":"talos-worker-6","schema_version":0,"attributes":{"arch":"x86_64","autostart":false,"boot_device":[],"cloudinit":null,"cmdline":null,"console":[{"source_host":"127.0.0.1","source_path":"","source_service":"0","target_port":"0","target_type":"serial","type":"pty"}],"coreos_ignition":null,"cpu":[{"mode":"host-passthrough"}],"description":"","disk":[{"block_device":"","file":"","scsi":false,"url":"","volume_id":"/var/lib/vms/mid-pool/talos-worker-6-disk.qcow2","wwn":""},{"block_device":"","file":"","scsi":false,"url":"","volume_id":"/var/lib/vms/mid-pool/talos-worker-6-cloudinit","wwn":""}],"emulator":"/usr/bin/qemu-system-x86_64","filesystem":[],"firmware":null,"fw_cfg_name":"opt/com.coreos/config","graphics":[{"autoport":true,"listen_address":"127.0.0.1","listen_type":"address","type":"spice","websocket":0}],"id":"0b028b93-3b23-4f00-a26a-476c11223e0b","initrd":"","kernel":"","machine":"pc","memory":2048,"metadata":null,"name":"talos-worker-6","network_interface":[{"addresses":["192.168.100.187"],"bridge":"","hostname":"","mac":"52:54:00:96:46:37","macvtap":"","network_id":"80db38d7-fee3-4c71-8df3-c7a5c8a9cfbd","network_name":"talos-network","passthrough":"","private":"","vepa":"","wait_for_lease":true}],"nvram":null,"qemu_agent":false,"running":true,"timeouts":null,"tpm":[],"type":"kvm","vcpu":2,"video":[{"type":"virtio"}],"xml":[]},"sensitive_attributes":[],"private":"eyJlMmJmYjczMC1lY2FhLTExZTYtOGY4OC0zNDM2M2JjN2M0YzAiOnsiY3JlYXRlIjozMDAwMDAwMDAwMDB9fQ==","dependencies":["libvirt_cloudinit_disk.worker_seed","libvirt_network.talos_network","libvirt_volume.talos_base","libvirt_volume.worker_disk","talos_image_factory_schematic.this","utility_file_downloader.talos_image"]}]},{"mode":"managed","type":"libvirt_network","name":"bridge_network","provider":"provider[\"registry.opentofu.org/dmacvicar/libvirt\"]","instances":[{"schema_version":0,"attributes":{"addresses":null,"autostart":true,"bridge":"br0","dhcp":null,"dns":null,"dnsmasq_options":[],"domain":null,"id":"4a1f4100-251f-4d3c-a749-71fdc632e8ea","mode":"bridge","mtu":null,"name":"bridge-network","routes":[],"xml":[]},"sensitive_attributes":[],"private":"bnVsbA=="}]},{"mode":"managed","type":"libvirt_network","name":"talos_network","provider":"provider[\"registry.opentofu.org/dmacvicar/libvirt\"]","instances":[{"schema_version":0,"attributes":{"addresses":["192.168.100.0/24"],"autostart":true,"bridge":"virbr1","dhcp":[{"enabled":true}],"dns":null,"dnsmasq_options":[],"domain":null,"id":"80db38d7-fee3-4c71-8df3-c7a5c8a9cfbd","mode":"nat","mtu":null,"name":"talos-network","routes":[],"xml":[]},"sensitive_attributes":[],"private":"bnVsbA=="}]},{"mode":"managed","type":"libvirt_volume","name":"cp_disk","provider":"provider[\"registry.opentofu.org/dmacvicar/libvirt\"]","instances":[{"index_key":"talos-cp-1","schema_version":0,"attributes":{"base_volume_id":"/var/lib/vms/mid-pool/talos-base.qcow2","base_volume_name":null,"base_volume_pool":null,"format":"qcow2","id":"/var/lib/vms/mid-pool/talos-cp-1-disk.qcow2","name":"talos-cp-1-disk.qcow2","pool":"mid-pool","size":107374182400,"source":null,"xml":[]},"sensitive_attributes":[],"private":"bnVsbA==","dependencies":["libvirt_volume.talos_base","talos_image_factory_schematic.this","utility_file_downloader.talos_image"]},{"index_key":"talos-cp-2","schema_version":0,"attributes":{"base_volume_id":"/var/lib/vms/mid-pool/talos-base.qcow2","base_volume_name":null,"base_volume_pool":null,"format":"qcow2","id":"/var/lib/vms/mid-pool/talos-cp-2-disk.qcow2","name":"talos-cp-2-disk.qcow2","pool":"mid-pool","size":107374182400,"source":null,"xml":[]},"sensitive_attributes":[],"private":"bnVsbA==","dependencies":["libvirt_volume.talos_base","talos_image_factory_schematic.this","utility_file_downloader.talos_image"]},{"index_key":"talos-cp-3","schema_version":0,"attributes":{"base_volume_id":"/var/lib/vms/mid-pool/talos-base.qcow2","base_volume_name":null,"base_volume_pool":null,"format":"qcow2","id":"/var/lib/vms/mid-pool/talos-cp-3-disk.qcow2","name":"talos-cp-3-disk.qcow2","pool":"mid-pool","size":107374182400,"source":null,"xml":[]},"sensitive_attributes":[],"private":"bnVsbA==","dependencies":["libvirt_volume.talos_base","talos_image_factory_schematic.this","utility_file_downloader.talos_image"]}]},{"mode":"managed","type":"libvirt_volume","name":"debian_base","provider":"provider[\"registry.opentofu.org/dmacvicar/libvirt\"]","instances":[{"schema_version":0,"attributes":{"base_volume_id":null,"base_volume_name":null,"base_volume_pool":null,"format":"qcow2","id":"/var/lib/vms/mid-pool/debian-base.qcow2","name":"debian-base.qcow2","pool":"mid-pool","size":3221225472,"source":"./images/debian-13-generic-amd64.qcow2","xml":[]},"sensitive_attributes":[],"private":"bnVsbA==","dependencies":["utility_file_downloader.debian_image"]}]},{"mode":"managed","type":"libvirt_volume","name":"gateway_disk","provider":"provider[\"registry.opentofu.org/dmacvicar/libvirt\"]","instances":[{"index_key":"gateway-1","schema_version":0,"attributes":{"base_volume_id":"/var/lib/vms/mid-pool/debian-base.qcow2","base_volume_name":null,"base_volume_pool":null,"format":"qcow2","id":"/var/lib/vms/mid-pool/gateway-1-disk.qcow2","name":"gateway-1-disk.qcow2","pool":"mid-pool","size":53687091200,"source":null,"xml":[]},"sensitive_attributes":[],"private":"bnVsbA==","dependencies":["libvirt_volume.debian_base","utility_file_downloader.debian_image"]},{"index_key":"gateway-2","schema_version":0,"attributes":{"base_volume_id":"/var/lib/vms/mid-pool/debian-base.qcow2","base_volume_name":null,"base_volume_pool":null,"format":"qcow2","id":"/var/lib/vms/mid-pool/gateway-2-disk.qcow2","name":"gateway-2-disk.qcow2","pool":"mid-pool","size":53687091200,"source":null,"xml":[]},"sensitive_attributes":[],"private":"bnVsbA==","dependencies":["libvirt_volume.debian_base","utility_file_downloader.debian_image"]}]},{"mode":"managed","type":"libvirt_volume","name":"talos_base","provider":"provider[\"registry.opentofu.org/dmacvicar/libvirt\"]","instances":[{"schema_version":0,"attributes":{"base_volume_id":null,"base_volume_name":null,"base_volume_pool":null,"format":"qcow2","id":"/var/lib/vms/mid-pool/talos-base.qcow2","name":"talos-base.qcow2","pool":"mid-pool","size":4453302272,"source":"./images/talos-94114f5dbe67331c4f9b2be0eac92deb1575d3edd3cd2a59ec1731c2ad430d78-v1.12.2-nocloud-amd64.qcow2","xml":[]},"sensitive_attributes":[],"private":"bnVsbA==","dependencies":["talos_image_factory_schematic.this","utility_file_downloader.talos_image"]}]},{"mode":"managed","type":"libvirt_volume","name":"utility_disk","provider":"provider[\"registry.opentofu.org/dmacvicar/libvirt\"]","instances":[{"schema_version":0,"attributes":{"base_volume_id":"/var/lib/vms/mid-pool/debian-base.qcow2","base_volume_name":null,"base_volume_pool":null,"format":"qcow2","id":"/var/lib/vms/mid-pool/utility-disk.qcow2","name":"utility-disk.qcow2","pool":"mid-pool","size":53687091200,"source":null,"xml":[]},"sensitive_attributes":[],"private":"bnVsbA==","dependencies":["libvirt_volume.debian_base","utility_file_downloader.debian_image"]}]},{"mode":"managed","type":"libvirt_volume","name":"worker_disk","provider":"provider[\"registry.opentofu.org/dmacvicar/libvirt\"]","instances":[{"index_key":"talos-worker-1","schema_version":0,"attributes":{"base_volume_id":"/var/lib/vms/mid-pool/talos-base.qcow2","base_volume_name":null,"base_volume_pool":null,"format":"qcow2","id":"/var/lib/vms/mid-pool/talos-worker-1-disk.qcow2","name":"talos-worker-1-disk.qcow2","pool":"mid-pool","size":107374182400,"source":null,"xml":[]},"sensitive_attributes":[],"private":"bnVsbA==","dependencies":["libvirt_volume.talos_base","talos_image_factory_schematic.this","utility_file_downloader.talos_image"]},{"index_key":"talos-worker-2","schema_version":0,"attributes":{"base_volume_id":"/var/lib/vms/mid-pool/talos-base.qcow2","base_volume_name":null,"base_volume_pool":null,"format":"qcow2","id":"/var/lib/vms/mid-pool/talos-worker-2-disk.qcow2","name":"talos-worker-2-disk.qcow2","pool":"mid-pool","size":107374182400,"source":null,"xml":[]},"sensitive_attributes":[],"private":"bnVsbA==","dependencies":["libvirt_volume.talos_base","talos_image_factory_schematic.this","utility_file_downloader.talos_image"]},{"index_key":"talos-worker-3","schema_version":0,"attributes":{"base_volume_id":"/var/lib/vms/mid-pool/talos-base.qcow2","base_volume_name":null,"base_volume_pool":null,"format":"qcow2","id":"/var/lib/vms/mid-pool/talos-worker-3-disk.qcow2","name":"talos-worker-3-disk.qcow2","pool":"mid-pool","size":107374182400,"source":null,"xml":[]},"sensitive_attributes":[],"private":"bnVsbA==","dependencies":["libvirt_volume.talos_base","talos_image_factory_schematic.this","utility_file_downloader.talos_image"]},{"index_key":"talos-worker-4","schema_version":0,"attributes":{"base_volume_id":"/var/lib/vms/mid-pool/talos-base.qcow2","base_volume_name":null,"base_volume_pool":null,"format":"qcow2","id":"/var/lib/vms/mid-pool/talos-worker-4-disk.qcow2","name":"talos-worker-4-disk.qcow2","pool":"mid-pool","size":107374182400,"source":null,"xml":[]},"sensitive_attributes":[],"private":"bnVsbA==","dependencies":["libvirt_volume.talos_base","talos_image_factory_schematic.this","utility_file_downloader.talos_image"]},{"index_key":"talos-worker-5","schema_version":0,"attributes":{"base_volume_id":"/var/lib/vms/mid-pool/talos-base.qcow2","base_volume_name":null,"base_volume_pool":null,"format":"qcow2","id":"/var/lib/vms/mid-pool/talos-worker-5-disk.qcow2","name":"talos-worker-5-disk.qcow2","pool":"mid-pool","size":107374182400,"source":null,"xml":[]},"sensitive_attributes":[],"private":"bnVsbA==","dependencies":["libvirt_volume.talos_base","talos_image_factory_schematic.this","utility_file_downloader.talos_image"]},{"index_key":"talos-worker-6","schema_version":0,"attributes":{"base_volume_id":"/var/lib/vms/mid-pool/talos-base.qcow2","base_volume_name":null,"base_volume_pool":null,"format":"qcow2","id":"/var/lib/vms/mid-pool/talos-worker-6-disk.qcow2","name":"talos-worker-6-disk.qcow2","pool":"mid-pool","size":107374182400,"source":null,"xml":[]},"sensitive_attributes":[],"private":"bnVsbA==","dependencies":["libvirt_volume.talos_base","talos_image_factory_schematic.this","utility_file_downloader.talos_image"]}]},{"mode":"managed","type":"talos_image_factory_schematic","name":"this","provider":"provider[\"registry.opentofu.org/siderolabs/talos\"]","instances":[{"schema_version":0,"attributes":{"id":"94114f5dbe67331c4f9b2be0eac92deb1575d3edd3cd2a59ec1731c2ad430d78","schematic":"\"customization\":\n  \"systemExtensions\":\n    \"officialExtensions\":\n    - \"siderolabs/binfmt-misc\"\n    - \"siderolabs/qemu-guest-agent\"\n"},"sensitive_attributes":[]}]},{"mode":"managed","type":"utility_file_downloader","name":"debian_image","provider":"provider[\"registry.terraform.io/frontiersgg/utility\"]","instances":[{"schema_version":0,"attributes":{"filename":"./images/debian-13-generic-amd64.qcow2","force_download":null,"headers":null,"id":"7bc5d279ecbf3dea6c1fd5a3cf284977851dfed5","method":"GET","sha1":"7bc5d279ecbf3dea6c1fd5a3cf284977851dfed5","sha256":"68baa91f1d2aeedd1c2d5ef97e8a60a87d4bf03885573feccc9841aa1a4ba7d7","url":"https://cloud.debian.org/images/cloud/trixie/latest/debian-13-generic-amd64.qcow2"},"sensitive_attributes":[[{"type":"get_attr","value":"headers"}]]}]},{"mode":"managed","type":"utility_file_downloader","name":"talos_image","provider":"provider[\"registry.terraform.io/frontiersgg/utility\"]","instances":[{"schema_version":0,"attributes":{"filename":"./images/talos-94114f5dbe67331c4f9b2be0eac92deb1575d3edd3cd2a59ec1731c2ad430d78-v1.12.2-nocloud-amd64.qcow2","force_download":null,"headers":null,"id":"735228dea5da9e14dd732166e9aace386c34ff2e","method":"GET","sha1":"735228dea5da9e14dd732166e9aace386c34ff2e","sha256":"c4d2b3f652fd1c0afe0ed2d45c9d4fba5045ea5fb62c0f285c70e867bb136e90","url":"https://factory.talos.dev/image/94114f5dbe67331c4f9b2be0eac92deb1575d3edd3cd2a59ec1731c2ad430d78/v1.12.2/nocloud-amd64.qcow2"},"sensitive_attributes":[[{"type":"get_attr","value":"headers"}]],"dependencies":["talos_image_factory_schematic.this"]}]}],"check_results":null}
