{"version":4,"terraform_version":"1.11.4","serial":69,"lineage":"c0b0349a-b994-6afb-8f26-5d7000f0ee8b","outputs":{"talos_image_factory_url":{"value":"https://factory.talos.dev/?arch=amd64\u0026extensions=siderolabs%2Fbinfmt-misc\u0026extensions=siderolabs%2Fqemu-guest-agent\u0026platform=nocloud\u0026target=cloud\u0026version=1.12.2","type":"string"},"talos_image_path":{"value":"./images/talos-94114f5dbe67331c4f9b2be0eac92deb1575d3edd3cd2a59ec1731c2ad430d78-v1.12.2-nocloud-amd64.qcow2","type":"string"},"talos_image_url":{"value":"https://factory.talos.dev/image/94114f5dbe67331c4f9b2be0eac92deb1575d3edd3cd2a59ec1731c2ad430d78/v1.12.2/nocloud-amd64.qcow2","type":"string"},"talos_schematic_id":{"value":"94114f5dbe67331c4f9b2be0eac92deb1575d3edd3cd2a59ec1731c2ad430d78","type":"string"}},"resources":[{"mode":"data","type":"external","name":"domain_ips","provider":"provider[\"registry.opentofu.org/hashicorp/external\"]","instances":[{"schema_version":0,"attributes":{"id":"-","program":["bash","./scripts/get-domain-ips.sh"],"query":{"domains":"[\"gateway-1\",\"gateway-2\",\"utility\",\"talos-cp-1\",\"talos-cp-2\",\"talos-cp-3\",\"talos-worker-1\",\"talos-worker-2\",\"talos-worker-3\",\"talos-worker-4\",\"talos-worker-5\",\"talos-worker-6\"]"},"result":{"gateway-1":"192.168.1.11","gateway-2":"192.168.1.12","talos-cp-1":"192.168.100.132","talos-cp-2":"192.168.100.149","talos-cp-3":"192.168.100.208","talos-worker-1":"192.168.100.63","talos-worker-2":"192.168.100.139","talos-worker-3":"192.168.100.102","talos-worker-4":"192.168.100.98","talos-worker-5":"192.168.100.153","talos-worker-6":"192.168.100.173","utility":"192.168.1.13"},"working_dir":null},"sensitive_attributes":[]}]},{"mode":"data","type":"talos_image_factory_extensions_versions","name":"this","provider":"provider[\"registry.opentofu.org/siderolabs/talos\"]","instances":[{"schema_version":0,"attributes":{"extensions_info":[{"author":"Serge Logvinov","description":"[extra] This system extension provides kernel module driver for binfmt-misc built against a specific Talos version.\n","digest":"sha256:cac76f6ef90f326809cfcb10d613accaffcc0839ea0268a07bea458fca3294f5","name":"siderolabs/binfmt-misc","ref":"ghcr.io/siderolabs/binfmt-misc:v1.12.2"},{"author":"Markus Reiter","description":"[extra] This system extension provides the QEMU Guest Agent service.\n","digest":"sha256:6bc166eab4b5f1b88c4ddece0a898c6aee4bf9e3dcb8f97917ae0fc204b6242e","name":"siderolabs/qemu-guest-agent","ref":"ghcr.io/siderolabs/qemu-guest-agent:10.2.0"}],"filters":{"names":["siderolabs/binfmt-misc","siderolabs/qemu-guest-agent"]},"id":"extensions_info","talos_version":"v1.12.2"},"sensitive_attributes":[]}]},{"mode":"managed","type":"libvirt_cloudinit_disk","name":"cp_seed","provider":"provider[\"registry.opentofu.org/dmacvicar/libvirt\"]","instances":[{"index_key":"talos-cp-1","schema_version":0,"attributes":{"id":"/var/lib/vms/mid-pool/talos-cp-1-cloudinit;75c7c11c-44a5-4ca1-b85b-5ce2671347b3","meta_data":"instance-id: talos-cp-1\nlocal-hostname: talos-cp-1\n","name":"talos-cp-1-cloudinit","network_config":"version: 2\nethernets:\n  eth0:\n    dhcp4: true\n","pool":"mid-pool","user_data":"#cloud-config\nchpasswd:\n  list: |\n    root:password\n  expire: false\n\nssh_pwauth: true\n\npackages:\n  - openssh-server\n\ntimezone: UTC\n"},"sensitive_attributes":[],"private":"bnVsbA=="},{"index_key":"talos-cp-2","schema_version":0,"attributes":{"id":"/var/lib/vms/mid-pool/talos-cp-2-cloudinit;ee69afa4-7bea-4d84-862a-2b8e0c33429a","meta_data":"instance-id: talos-cp-2\nlocal-hostname: talos-cp-2\n","name":"talos-cp-2-cloudinit","network_config":"version: 2\nethernets:\n  eth0:\n    dhcp4: true\n","pool":"mid-pool","user_data":"#cloud-config\nchpasswd:\n  list: |\n    root:password\n  expire: false\n\nssh_pwauth: true\n\npackages:\n  - openssh-server\n\ntimezone: UTC\n"},"sensitive_attributes":[],"private":"bnVsbA=="},{"index_key":"talos-cp-3","schema_version":0,"attributes":{"id":"/var/lib/vms/mid-pool/talos-cp-3-cloudinit;6a942889-5b33-4abd-a3e7-3a5ea477d51d","meta_data":"instance-id: talos-cp-3\nlocal-hostname: talos-cp-3\n","name":"talos-cp-3-cloudinit","network_config":"version: 2\nethernets:\n  eth0:\n    dhcp4: true\n","pool":"mid-pool","user_data":"#cloud-config\nchpasswd:\n  list: |\n    root:password\n  expire: false\n\nssh_pwauth: true\n\npackages:\n  - openssh-server\n\ntimezone: UTC\n"},"sensitive_attributes":[],"private":"bnVsbA=="}]},{"mode":"managed","type":"libvirt_cloudinit_disk","name":"gateway_seed","provider":"provider[\"registry.opentofu.org/dmacvicar/libvirt\"]","instances":[{"index_key":"gateway-1","schema_version":0,"attributes":{"id":"/var/lib/vms/mid-pool/gateway-1-cloudinit;aadee7f6-6eea-44f7-b06e-aa6f55d30f97","meta_data":"instance-id: gateway-1\nlocal-hostname: gateway-1\n","name":"gateway-1-cloudinit","network_config":"version: 2\nethernets:\n  ens3:\n    addresses:\n      - 192.168.1.11/24\n    gateway4: 192.168.1.254\n    nameservers:\n      addresses:\n        - 192.168.1.254\n  ens4:\n    dhcp4: true\n","pool":"mid-pool","user_data":"    #cloud-config\n    users:\n      - name: kakwa\n        groups: [sudo]\n        shell: /bin/bash\n        ssh_authorized_keys:\n          - ecdsa-sha2-nistp384 AAAAE2VjZHNhLXNoYTItbmlzdHAzODQAAAAIbmlzdHAzODQAAABhBIefJ3PQVyfXunlkWc6Ukdw8EZNw8sLX1Pda0p+PckY/maze5K298CiSuE+5LR/9RM5lwx8N8NqnuKTUUSHsfs58jI03RNAuFHaT4Sc6PKS7SfG9t3ZDkCVSdn5Csopwgg== kakwa@tsingtao\n\n    chpasswd:\n      list: |\n        root:password\n      expire: false\n\n    ssh_pwauth: true\n\n    packages:\n      - openssh-server\n      - qemu-guest-agent\n\n    runcmd:\n      - systemctl enable --now qemu-guest-agent\n      - systemctl restart ssh\n\n    timezone: UTC\n"},"sensitive_attributes":[],"private":"bnVsbA=="},{"index_key":"gateway-2","schema_version":0,"attributes":{"id":"/var/lib/vms/mid-pool/gateway-2-cloudinit;1d2cf42a-a724-474d-9ab3-548cf5ad46d9","meta_data":"instance-id: gateway-2\nlocal-hostname: gateway-2\n","name":"gateway-2-cloudinit","network_config":"version: 2\nethernets:\n  ens3:\n    addresses:\n      - 192.168.1.12/24\n    gateway4: 192.168.1.254\n    nameservers:\n      addresses:\n        - 192.168.1.254\n  ens4:\n    dhcp4: true\n","pool":"mid-pool","user_data":"    #cloud-config\n    users:\n      - name: kakwa\n        groups: [sudo]\n        shell: /bin/bash\n        ssh_authorized_keys:\n          - ecdsa-sha2-nistp384 AAAAE2VjZHNhLXNoYTItbmlzdHAzODQAAAAIbmlzdHAzODQAAABhBIefJ3PQVyfXunlkWc6Ukdw8EZNw8sLX1Pda0p+PckY/maze5K298CiSuE+5LR/9RM5lwx8N8NqnuKTUUSHsfs58jI03RNAuFHaT4Sc6PKS7SfG9t3ZDkCVSdn5Csopwgg== kakwa@tsingtao\n\n    chpasswd:\n      list: |\n        root:password\n      expire: false\n\n    ssh_pwauth: true\n\n    packages:\n      - openssh-server\n      - qemu-guest-agent\n\n    runcmd:\n      - systemctl enable --now qemu-guest-agent\n      - systemctl restart ssh\n\n    timezone: UTC\n"},"sensitive_attributes":[],"private":"bnVsbA=="}]},{"mode":"managed","type":"libvirt_cloudinit_disk","name":"utility_seed","provider":"provider[\"registry.opentofu.org/dmacvicar/libvirt\"]","instances":[{"index_key":0,"schema_version":0,"attributes":{"id":"/var/lib/vms/mid-pool/utility-cloudinit;59bfdf4b-fd8a-476d-96bb-adcfcd5e82c7","meta_data":"instance-id: utility\nlocal-hostname: utility\n","name":"utility-cloudinit","network_config":"version: 2\nethernets:\n  ens3:\n    addresses:\n      - 192.168.1.13/24\n    gateway4: 192.168.1.254\n    nameservers:\n      addresses:\n        - 192.168.1.254\n  ens4:\n    dhcp4: true\n","pool":"mid-pool","user_data":"    #cloud-config\n    users:\n      - name: kakwa\n        groups: [sudo]\n        shell: /bin/bash\n        ssh_authorized_keys:\n          - ecdsa-sha2-nistp384 AAAAE2VjZHNhLXNoYTItbmlzdHAzODQAAAAIbmlzdHAzODQAAABhBIefJ3PQVyfXunlkWc6Ukdw8EZNw8sLX1Pda0p+PckY/maze5K298CiSuE+5LR/9RM5lwx8N8NqnuKTUUSHsfs58jI03RNAuFHaT4Sc6PKS7SfG9t3ZDkCVSdn5Csopwgg== kakwa@tsingtao\n\n    chpasswd:\n      list: |\n        root:password\n      expire: false\n\n    ssh_pwauth: true\n\n    packages:\n      - openssh-server\n      - qemu-guest-agent\n\n    runcmd:\n      - systemctl enable --now qemu-guest-agent\n\n    timezone: UTC\n"},"sensitive_attributes":[],"private":"bnVsbA=="}]},{"mode":"managed","type":"libvirt_cloudinit_disk","name":"worker_seed","provider":"provider[\"registry.opentofu.org/dmacvicar/libvirt\"]","instances":[{"index_key":"talos-worker-1","schema_version":0,"attributes":{"id":"/var/lib/vms/mid-pool/talos-worker-1-cloudinit;e9f64513-d1cb-4978-a699-9d64e8eea867","meta_data":"instance-id: talos-worker-1\nlocal-hostname: talos-worker-1\n","name":"talos-worker-1-cloudinit","network_config":"version: 2\nethernets:\n  eth0:\n    dhcp4: true\n","pool":"mid-pool","user_data":"#cloud-config\nchpasswd:\n  list: |\n    root:password\n  expire: false\n\nssh_pwauth: true\n\npackages:\n  - openssh-server\n\ntimezone: UTC\n"},"sensitive_attributes":[],"private":"bnVsbA=="},{"index_key":"talos-worker-2","schema_version":0,"attributes":{"id":"/var/lib/vms/mid-pool/talos-worker-2-cloudinit;1e9e00e2-074b-4c13-a15f-c751ab0638ff","meta_data":"instance-id: talos-worker-2\nlocal-hostname: talos-worker-2\n","name":"talos-worker-2-cloudinit","network_config":"version: 2\nethernets:\n  eth0:\n    dhcp4: true\n","pool":"mid-pool","user_data":"#cloud-config\nchpasswd:\n  list: |\n    root:password\n  expire: false\n\nssh_pwauth: true\n\npackages:\n  - openssh-server\n\ntimezone: UTC\n"},"sensitive_attributes":[],"private":"bnVsbA=="},{"index_key":"talos-worker-3","schema_version":0,"attributes":{"id":"/var/lib/vms/mid-pool/talos-worker-3-cloudinit;71b4f8d2-c4dd-4548-917a-f2bea9924881","meta_data":"instance-id: talos-worker-3\nlocal-hostname: talos-worker-3\n","name":"talos-worker-3-cloudinit","network_config":"version: 2\nethernets:\n  eth0:\n    dhcp4: true\n","pool":"mid-pool","user_data":"#cloud-config\nchpasswd:\n  list: |\n    root:password\n  expire: false\n\nssh_pwauth: true\n\npackages:\n  - openssh-server\n\ntimezone: UTC\n"},"sensitive_attributes":[],"private":"bnVsbA=="},{"index_key":"talos-worker-4","schema_version":0,"attributes":{"id":"/var/lib/vms/mid-pool/talos-worker-4-cloudinit;32cedc58-c3dd-446d-ae93-c72b453557b5","meta_data":"instance-id: talos-worker-4\nlocal-hostname: talos-worker-4\n","name":"talos-worker-4-cloudinit","network_config":"version: 2\nethernets:\n  eth0:\n    dhcp4: true\n","pool":"mid-pool","user_data":"#cloud-config\nchpasswd:\n  list: |\n    root:password\n  expire: false\n\nssh_pwauth: true\n\npackages:\n  - openssh-server\n\ntimezone: UTC\n"},"sensitive_attributes":[],"private":"bnVsbA=="},{"index_key":"talos-worker-5","schema_version":0,"attributes":{"id":"/var/lib/vms/mid-pool/talos-worker-5-cloudinit;ea933ec8-da4c-49e8-a957-e079fa465623","meta_data":"instance-id: talos-worker-5\nlocal-hostname: talos-worker-5\n","name":"talos-worker-5-cloudinit","network_config":"version: 2\nethernets:\n  eth0:\n    dhcp4: true\n","pool":"mid-pool","user_data":"#cloud-config\nchpasswd:\n  list: |\n    root:password\n  expire: false\n\nssh_pwauth: true\n\npackages:\n  - openssh-server\n\ntimezone: UTC\n"},"sensitive_attributes":[],"private":"bnVsbA=="},{"index_key":"talos-worker-6","schema_version":0,"attributes":{"id":"/var/lib/vms/mid-pool/talos-worker-6-cloudinit;900c5393-135f-4bf8-95ca-d437c85c35ad","meta_data":"instance-id: talos-worker-6\nlocal-hostname: talos-worker-6\n","name":"talos-worker-6-cloudinit","network_config":"version: 2\nethernets:\n  eth0:\n    dhcp4: true\n","pool":"mid-pool","user_data":"#cloud-config\nchpasswd:\n  list: |\n    root:password\n  expire: false\n\nssh_pwauth: true\n\npackages:\n  - openssh-server\n\ntimezone: UTC\n"},"sensitive_attributes":[],"private":"bnVsbA=="}]},{"mode":"managed","type":"libvirt_domain","name":"control_plane","provider":"provider[\"registry.opentofu.org/dmacvicar/libvirt\"]","instances":[{"index_key":"talos-cp-1","schema_version":0,"attributes":{"arch":"x86_64","autostart":false,"boot_device":[],"cloudinit":null,"cmdline":[],"console":[{"source_host":"127.0.0.1","source_path":"","source_service":"0","target_port":"0","target_type":"serial","type":"pty"}],"coreos_ignition":null,"cpu":[{"mode":"host-passthrough"}],"description":"","disk":[{"block_device":"","file":"","scsi":false,"url":"","volume_id":"/var/lib/vms/mid-pool/talos-cp-1-disk.qcow2","wwn":""},{"block_device":"","file":"","scsi":false,"url":"","volume_id":"/var/lib/vms/mid-pool/talos-cp-1-cloudinit","wwn":""}],"emulator":"/usr/bin/qemu-system-x86_64","filesystem":[],"firmware":null,"fw_cfg_name":"opt/com.coreos/config","graphics":[{"autoport":true,"listen_address":"127.0.0.1","listen_type":"address","type":"spice","websocket":0}],"id":"02473135-ded2-4827-b942-7279f628bb40","initrd":"","kernel":"","machine":"pc","memory":1024,"metadata":null,"name":"talos-cp-1","network_interface":[{"addresses":["192.168.100.132"],"bridge":"","hostname":"talos-cp-1","mac":"52:54:00:26:7B:F2","macvtap":"","network_id":"dd337c16-a1f5-4343-8c0f-b3fa01a9412a","network_name":"talos-network","passthrough":"","private":"","vepa":"","wait_for_lease":true}],"nvram":[],"qemu_agent":false,"running":true,"timeouts":null,"tpm":[],"type":"kvm","vcpu":2,"video":[{"type":"virtio"}],"xml":[]},"sensitive_attributes":[],"private":"eyJlMmJmYjczMC1lY2FhLTExZTYtOGY4OC0zNDM2M2JjN2M0YzAiOnsiY3JlYXRlIjozMDAwMDAwMDAwMDB9fQ==","dependencies":["libvirt_cloudinit_disk.cp_seed","libvirt_network.talos_network","libvirt_volume.cp_disk","libvirt_volume.talos_base","talos_image_factory_schematic.this","utility_file_downloader.talos_image"]},{"index_key":"talos-cp-2","schema_version":0,"attributes":{"arch":"x86_64","autostart":false,"boot_device":[],"cloudinit":null,"cmdline":[],"console":[{"source_host":"127.0.0.1","source_path":"","source_service":"0","target_port":"0","target_type":"serial","type":"pty"}],"coreos_ignition":null,"cpu":[{"mode":"host-passthrough"}],"description":"","disk":[{"block_device":"","file":"","scsi":false,"url":"","volume_id":"/var/lib/vms/mid-pool/talos-cp-2-disk.qcow2","wwn":""},{"block_device":"","file":"","scsi":false,"url":"","volume_id":"/var/lib/vms/mid-pool/talos-cp-2-cloudinit","wwn":""}],"emulator":"/usr/bin/qemu-system-x86_64","filesystem":[],"firmware":null,"fw_cfg_name":"opt/com.coreos/config","graphics":[{"autoport":true,"listen_address":"127.0.0.1","listen_type":"address","type":"spice","websocket":0}],"id":"cbcbbe7f-eeab-4caf-bc5a-52be527acc20","initrd":"","kernel":"","machine":"pc","memory":1024,"metadata":null,"name":"talos-cp-2","network_interface":[{"addresses":["192.168.100.149"],"bridge":"","hostname":"talos-cp-2","mac":"52:54:00:62:13:6B","macvtap":"","network_id":"dd337c16-a1f5-4343-8c0f-b3fa01a9412a","network_name":"talos-network","passthrough":"","private":"","vepa":"","wait_for_lease":true}],"nvram":[],"qemu_agent":false,"running":true,"timeouts":null,"tpm":[],"type":"kvm","vcpu":2,"video":[{"type":"virtio"}],"xml":[]},"sensitive_attributes":[],"private":"eyJlMmJmYjczMC1lY2FhLTExZTYtOGY4OC0zNDM2M2JjN2M0YzAiOnsiY3JlYXRlIjozMDAwMDAwMDAwMDB9fQ==","dependencies":["libvirt_cloudinit_disk.cp_seed","libvirt_network.talos_network","libvirt_volume.cp_disk","libvirt_volume.talos_base","talos_image_factory_schematic.this","utility_file_downloader.talos_image"]},{"index_key":"talos-cp-3","schema_version":0,"attributes":{"arch":"x86_64","autostart":false,"boot_device":[],"cloudinit":null,"cmdline":[],"console":[{"source_host":"127.0.0.1","source_path":"","source_service":"0","target_port":"0","target_type":"serial","type":"pty"}],"coreos_ignition":null,"cpu":[{"mode":"host-passthrough"}],"description":"","disk":[{"block_device":"","file":"","scsi":false,"url":"","volume_id":"/var/lib/vms/mid-pool/talos-cp-3-disk.qcow2","wwn":""},{"block_device":"","file":"","scsi":false,"url":"","volume_id":"/var/lib/vms/mid-pool/talos-cp-3-cloudinit","wwn":""}],"emulator":"/usr/bin/qemu-system-x86_64","filesystem":[],"firmware":null,"fw_cfg_name":"opt/com.coreos/config","graphics":[{"autoport":true,"listen_address":"127.0.0.1","listen_type":"address","type":"spice","websocket":0}],"id":"7370a1c7-5303-4995-9965-f831fa73801c","initrd":"","kernel":"","machine":"pc","memory":1024,"metadata":null,"name":"talos-cp-3","network_interface":[{"addresses":["192.168.100.208"],"bridge":"","hostname":"talos-cp-3","mac":"52:54:00:9E:FC:26","macvtap":"","network_id":"dd337c16-a1f5-4343-8c0f-b3fa01a9412a","network_name":"talos-network","passthrough":"","private":"","vepa":"","wait_for_lease":true}],"nvram":[],"qemu_agent":false,"running":true,"timeouts":null,"tpm":[],"type":"kvm","vcpu":2,"video":[{"type":"virtio"}],"xml":[]},"sensitive_attributes":[],"private":"eyJlMmJmYjczMC1lY2FhLTExZTYtOGY4OC0zNDM2M2JjN2M0YzAiOnsiY3JlYXRlIjozMDAwMDAwMDAwMDB9fQ==","dependencies":["libvirt_cloudinit_disk.cp_seed","libvirt_network.talos_network","libvirt_volume.cp_disk","libvirt_volume.talos_base","talos_image_factory_schematic.this","utility_file_downloader.talos_image"]}]},{"mode":"managed","type":"libvirt_domain","name":"gateway","provider":"provider[\"registry.opentofu.org/dmacvicar/libvirt\"]","instances":[{"index_key":"gateway-1","schema_version":0,"attributes":{"arch":"x86_64","autostart":false,"boot_device":[],"cloudinit":null,"cmdline":[],"console":[{"source_host":"127.0.0.1","source_path":"","source_service":"0","target_port":"0","target_type":"serial","type":"pty"}],"coreos_ignition":null,"cpu":[{"mode":"host-passthrough"}],"description":"","disk":[{"block_device":"","file":"","scsi":false,"url":"","volume_id":"/var/lib/vms/mid-pool/gateway-1-disk.qcow2","wwn":""},{"block_device":"","file":"","scsi":false,"url":"","volume_id":"/var/lib/vms/mid-pool/gateway-1-cloudinit","wwn":""}],"emulator":"/usr/bin/qemu-system-x86_64","filesystem":[],"firmware":null,"fw_cfg_name":"opt/com.coreos/config","graphics":[{"autoport":true,"listen_address":"127.0.0.1","listen_type":"address","type":"spice","websocket":0}],"id":"601af175-ba31-4001-8f5d-f04a6411a297","initrd":"","kernel":"","machine":"pc","memory":1024,"metadata":null,"name":"gateway-1","network_interface":[{"addresses":[],"bridge":"","hostname":"","mac":"52:54:00:DA:BF:BA","macvtap":"","network_id":"fb056f67-9294-4773-aadd-a6c80946d2a9","network_name":"","passthrough":"","private":"","vepa":"","wait_for_lease":false},{"addresses":["192.168.100.148"],"bridge":"","hostname":"gateway-1","mac":"52:54:00:E6:91:20","macvtap":"","network_id":"dd337c16-a1f5-4343-8c0f-b3fa01a9412a","network_name":"talos-network","passthrough":"","private":"","vepa":"","wait_for_lease":true}],"nvram":[],"qemu_agent":false,"running":true,"timeouts":null,"tpm":[],"type":"kvm","vcpu":2,"video":[{"type":"virtio"}],"xml":[]},"sensitive_attributes":[],"private":"eyJlMmJmYjczMC1lY2FhLTExZTYtOGY4OC0zNDM2M2JjN2M0YzAiOnsiY3JlYXRlIjozMDAwMDAwMDAwMDB9fQ==","dependencies":["libvirt_cloudinit_disk.gateway_seed","libvirt_network.bridge_network","libvirt_network.talos_network","libvirt_volume.debian_base","libvirt_volume.gateway_disk","utility_file_downloader.debian_image"]},{"index_key":"gateway-2","schema_version":0,"attributes":{"arch":"x86_64","autostart":false,"boot_device":[],"cloudinit":null,"cmdline":[],"console":[{"source_host":"127.0.0.1","source_path":"","source_service":"0","target_port":"0","target_type":"serial","type":"pty"}],"coreos_ignition":null,"cpu":[{"mode":"host-passthrough"}],"description":"","disk":[{"block_device":"","file":"","scsi":false,"url":"","volume_id":"/var/lib/vms/mid-pool/gateway-2-disk.qcow2","wwn":""},{"block_device":"","file":"","scsi":false,"url":"","volume_id":"/var/lib/vms/mid-pool/gateway-2-cloudinit","wwn":""}],"emulator":"/usr/bin/qemu-system-x86_64","filesystem":[],"firmware":null,"fw_cfg_name":"opt/com.coreos/config","graphics":[{"autoport":true,"listen_address":"127.0.0.1","listen_type":"address","type":"spice","websocket":0}],"id":"5a271c5f-89bb-4aa9-b6be-d55051c1cfac","initrd":"","kernel":"","machine":"pc","memory":1024,"metadata":null,"name":"gateway-2","network_interface":[{"addresses":[],"bridge":"","hostname":"","mac":"52:54:00:BE:90:86","macvtap":"","network_id":"fb056f67-9294-4773-aadd-a6c80946d2a9","network_name":"","passthrough":"","private":"","vepa":"","wait_for_lease":false},{"addresses":["192.168.100.67"],"bridge":"","hostname":"gateway-2","mac":"52:54:00:D6:39:90","macvtap":"","network_id":"dd337c16-a1f5-4343-8c0f-b3fa01a9412a","network_name":"talos-network","passthrough":"","private":"","vepa":"","wait_for_lease":true}],"nvram":[],"qemu_agent":false,"running":true,"timeouts":null,"tpm":[],"type":"kvm","vcpu":2,"video":[{"type":"virtio"}],"xml":[]},"sensitive_attributes":[],"private":"eyJlMmJmYjczMC1lY2FhLTExZTYtOGY4OC0zNDM2M2JjN2M0YzAiOnsiY3JlYXRlIjozMDAwMDAwMDAwMDB9fQ==","dependencies":["libvirt_cloudinit_disk.gateway_seed","libvirt_network.bridge_network","libvirt_network.talos_network","libvirt_volume.debian_base","libvirt_volume.gateway_disk","utility_file_downloader.debian_image"]}]},{"mode":"managed","type":"libvirt_domain","name":"utility","provider":"provider[\"registry.opentofu.org/dmacvicar/libvirt\"]","instances":[{"schema_version":0,"attributes":{"arch":"x86_64","autostart":false,"boot_device":[],"cloudinit":null,"cmdline":[],"console":[{"source_host":"127.0.0.1","source_path":"","source_service":"0","target_port":"0","target_type":"serial","type":"pty"}],"coreos_ignition":null,"cpu":[{"mode":"host-passthrough"}],"description":"","disk":[{"block_device":"","file":"","scsi":false,"url":"","volume_id":"/var/lib/vms/mid-pool/utility-disk.qcow2","wwn":""},{"block_device":"","file":"","scsi":false,"url":"","volume_id":"/var/lib/vms/mid-pool/utility-cloudinit","wwn":""}],"emulator":"/usr/bin/qemu-system-x86_64","filesystem":[],"firmware":null,"fw_cfg_name":"opt/com.coreos/config","graphics":[{"autoport":true,"listen_address":"127.0.0.1","listen_type":"address","type":"spice","websocket":0}],"id":"e1fb8676-f8db-46d5-9d3e-243a6825a6ba","initrd":"","kernel":"","machine":"pc","memory":1024,"metadata":null,"name":"utility","network_interface":[{"addresses":[],"bridge":"","hostname":"","mac":"52:54:00:42:DB:4E","macvtap":"","network_id":"fb056f67-9294-4773-aadd-a6c80946d2a9","network_name":"","passthrough":"","private":"","vepa":"","wait_for_lease":false},{"addresses":["192.168.100.190"],"bridge":"","hostname":"utility","mac":"52:54:00:BA:38:19","macvtap":"","network_id":"dd337c16-a1f5-4343-8c0f-b3fa01a9412a","network_name":"talos-network","passthrough":"","private":"","vepa":"","wait_for_lease":true}],"nvram":[],"qemu_agent":false,"running":true,"timeouts":null,"tpm":[],"type":"kvm","vcpu":2,"video":[{"type":"virtio"}],"xml":[]},"sensitive_attributes":[],"private":"eyJlMmJmYjczMC1lY2FhLTExZTYtOGY4OC0zNDM2M2JjN2M0YzAiOnsiY3JlYXRlIjozMDAwMDAwMDAwMDB9fQ==","dependencies":["libvirt_cloudinit_disk.utility_seed","libvirt_network.bridge_network","libvirt_network.talos_network","libvirt_volume.debian_base","libvirt_volume.utility_disk","utility_file_downloader.debian_image"]}]},{"mode":"managed","type":"libvirt_domain","name":"workers","provider":"provider[\"registry.opentofu.org/dmacvicar/libvirt\"]","instances":[{"index_key":"talos-worker-1","schema_version":0,"attributes":{"arch":"x86_64","autostart":false,"boot_device":[],"cloudinit":null,"cmdline":[],"console":[{"source_host":"127.0.0.1","source_path":"","source_service":"0","target_port":"0","target_type":"serial","type":"pty"}],"coreos_ignition":null,"cpu":[{"mode":"host-passthrough"}],"description":"","disk":[{"block_device":"","file":"","scsi":false,"url":"","volume_id":"/var/lib/vms/mid-pool/talos-worker-1-disk.qcow2","wwn":""},{"block_device":"","file":"","scsi":false,"url":"","volume_id":"/var/lib/vms/mid-pool/talos-worker-1-cloudinit","wwn":""}],"emulator":"/usr/bin/qemu-system-x86_64","filesystem":[],"firmware":null,"fw_cfg_name":"opt/com.coreos/config","graphics":[{"autoport":true,"listen_address":"127.0.0.1","listen_type":"address","type":"spice","websocket":0}],"id":"0e303759-774d-4442-920f-e7ade00d42ae","initrd":"","kernel":"","machine":"pc","memory":2048,"metadata":null,"name":"talos-worker-1","network_interface":[{"addresses":["192.168.100.63"],"bridge":"","hostname":"talos-worker-1","mac":"52:54:00:5E:54:43","macvtap":"","network_id":"dd337c16-a1f5-4343-8c0f-b3fa01a9412a","network_name":"talos-network","passthrough":"","private":"","vepa":"","wait_for_lease":true}],"nvram":[],"qemu_agent":false,"running":true,"timeouts":null,"tpm":[],"type":"kvm","vcpu":2,"video":[{"type":"virtio"}],"xml":[]},"sensitive_attributes":[],"private":"eyJlMmJmYjczMC1lY2FhLTExZTYtOGY4OC0zNDM2M2JjN2M0YzAiOnsiY3JlYXRlIjozMDAwMDAwMDAwMDB9fQ==","dependencies":["libvirt_cloudinit_disk.worker_seed","libvirt_network.talos_network","libvirt_volume.talos_base","libvirt_volume.worker_disk","talos_image_factory_schematic.this","utility_file_downloader.talos_image"]},{"index_key":"talos-worker-2","schema_version":0,"attributes":{"arch":"x86_64","autostart":false,"boot_device":[],"cloudinit":null,"cmdline":[],"console":[{"source_host":"127.0.0.1","source_path":"","source_service":"0","target_port":"0","target_type":"serial","type":"pty"}],"coreos_ignition":null,"cpu":[{"mode":"host-passthrough"}],"description":"","disk":[{"block_device":"","file":"","scsi":false,"url":"","volume_id":"/var/lib/vms/mid-pool/talos-worker-2-disk.qcow2","wwn":""},{"block_device":"","file":"","scsi":false,"url":"","volume_id":"/var/lib/vms/mid-pool/talos-worker-2-cloudinit","wwn":""}],"emulator":"/usr/bin/qemu-system-x86_64","filesystem":[],"firmware":null,"fw_cfg_name":"opt/com.coreos/config","graphics":[{"autoport":true,"listen_address":"127.0.0.1","listen_type":"address","type":"spice","websocket":0}],"id":"9411b365-f4d2-4480-8f63-c0599d7c60ad","initrd":"","kernel":"","machine":"pc","memory":2048,"metadata":null,"name":"talos-worker-2","network_interface":[{"addresses":["192.168.100.139"],"bridge":"","hostname":"talos-worker-2","mac":"52:54:00:3E:3A:66","macvtap":"","network_id":"dd337c16-a1f5-4343-8c0f-b3fa01a9412a","network_name":"talos-network","passthrough":"","private":"","vepa":"","wait_for_lease":true}],"nvram":[],"qemu_agent":false,"running":true,"timeouts":null,"tpm":[],"type":"kvm","vcpu":2,"video":[{"type":"virtio"}],"xml":[]},"sensitive_attributes":[],"private":"eyJlMmJmYjczMC1lY2FhLTExZTYtOGY4OC0zNDM2M2JjN2M0YzAiOnsiY3JlYXRlIjozMDAwMDAwMDAwMDB9fQ==","dependencies":["libvirt_cloudinit_disk.worker_seed","libvirt_network.talos_network","libvirt_volume.talos_base","libvirt_volume.worker_disk","talos_image_factory_schematic.this","utility_file_downloader.talos_image"]},{"index_key":"talos-worker-3","schema_version":0,"attributes":{"arch":"x86_64","autostart":false,"boot_device":[],"cloudinit":null,"cmdline":[],"console":[{"source_host":"127.0.0.1","source_path":"","source_service":"0","target_port":"0","target_type":"serial","type":"pty"}],"coreos_ignition":null,"cpu":[{"mode":"host-passthrough"}],"description":"","disk":[{"block_device":"","file":"","scsi":false,"url":"","volume_id":"/var/lib/vms/mid-pool/talos-worker-3-disk.qcow2","wwn":""},{"block_device":"","file":"","scsi":false,"url":"","volume_id":"/var/lib/vms/mid-pool/talos-worker-3-cloudinit","wwn":""}],"emulator":"/usr/bin/qemu-system-x86_64","filesystem":[],"firmware":null,"fw_cfg_name":"opt/com.coreos/config","graphics":[{"autoport":true,"listen_address":"127.0.0.1","listen_type":"address","type":"spice","websocket":0}],"id":"0a967aa8-9054-491e-889f-9b1e20bb6b2b","initrd":"","kernel":"","machine":"pc","memory":2048,"metadata":null,"name":"talos-worker-3","network_interface":[{"addresses":["192.168.100.102"],"bridge":"","hostname":"talos-worker-3","mac":"52:54:00:FA:C9:9A","macvtap":"","network_id":"dd337c16-a1f5-4343-8c0f-b3fa01a9412a","network_name":"talos-network","passthrough":"","private":"","vepa":"","wait_for_lease":true}],"nvram":[],"qemu_agent":false,"running":true,"timeouts":null,"tpm":[],"type":"kvm","vcpu":2,"video":[{"type":"virtio"}],"xml":[]},"sensitive_attributes":[],"private":"eyJlMmJmYjczMC1lY2FhLTExZTYtOGY4OC0zNDM2M2JjN2M0YzAiOnsiY3JlYXRlIjozMDAwMDAwMDAwMDB9fQ==","dependencies":["libvirt_cloudinit_disk.worker_seed","libvirt_network.talos_network","libvirt_volume.talos_base","libvirt_volume.worker_disk","talos_image_factory_schematic.this","utility_file_downloader.talos_image"]},{"index_key":"talos-worker-4","schema_version":0,"attributes":{"arch":"x86_64","autostart":false,"boot_device":[],"cloudinit":null,"cmdline":[],"console":[{"source_host":"127.0.0.1","source_path":"","source_service":"0","target_port":"0","target_type":"serial","type":"pty"}],"coreos_ignition":null,"cpu":[{"mode":"host-passthrough"}],"description":"","disk":[{"block_device":"","file":"","scsi":false,"url":"","volume_id":"/var/lib/vms/mid-pool/talos-worker-4-disk.qcow2","wwn":""},{"block_device":"","file":"","scsi":false,"url":"","volume_id":"/var/lib/vms/mid-pool/talos-worker-4-cloudinit","wwn":""}],"emulator":"/usr/bin/qemu-system-x86_64","filesystem":[],"firmware":null,"fw_cfg_name":"opt/com.coreos/config","graphics":[{"autoport":true,"listen_address":"127.0.0.1","listen_type":"address","type":"spice","websocket":0}],"id":"a75c4d75-15c5-471d-bdae-1ea2122e790b","initrd":"","kernel":"","machine":"pc","memory":2048,"metadata":null,"name":"talos-worker-4","network_interface":[{"addresses":["192.168.100.98"],"bridge":"","hostname":"talos-worker-4","mac":"52:54:00:EE:A0:4C","macvtap":"","network_id":"dd337c16-a1f5-4343-8c0f-b3fa01a9412a","network_name":"talos-network","passthrough":"","private":"","vepa":"","wait_for_lease":true}],"nvram":[],"qemu_agent":false,"running":true,"timeouts":null,"tpm":[],"type":"kvm","vcpu":2,"video":[{"type":"virtio"}],"xml":[]},"sensitive_attributes":[],"private":"eyJlMmJmYjczMC1lY2FhLTExZTYtOGY4OC0zNDM2M2JjN2M0YzAiOnsiY3JlYXRlIjozMDAwMDAwMDAwMDB9fQ==","dependencies":["libvirt_cloudinit_disk.worker_seed","libvirt_network.talos_network","libvirt_volume.talos_base","libvirt_volume.worker_disk","talos_image_factory_schematic.this","utility_file_downloader.talos_image"]},{"index_key":"talos-worker-5","schema_version":0,"attributes":{"arch":"x86_64","autostart":false,"boot_device":[],"cloudinit":null,"cmdline":[],"console":[{"source_host":"127.0.0.1","source_path":"","source_service":"0","target_port":"0","target_type":"serial","type":"pty"}],"coreos_ignition":null,"cpu":[{"mode":"host-passthrough"}],"description":"","disk":[{"block_device":"","file":"","scsi":false,"url":"","volume_id":"/var/lib/vms/mid-pool/talos-worker-5-disk.qcow2","wwn":""},{"block_device":"","file":"","scsi":false,"url":"","volume_id":"/var/lib/vms/mid-pool/talos-worker-5-cloudinit","wwn":""}],"emulator":"/usr/bin/qemu-system-x86_64","filesystem":[],"firmware":null,"fw_cfg_name":"opt/com.coreos/config","graphics":[{"autoport":true,"listen_address":"127.0.0.1","listen_type":"address","type":"spice","websocket":0}],"id":"7225646e-2fb0-4cc8-af45-91611844f78e","initrd":"","kernel":"","machine":"pc","memory":2048,"metadata":null,"name":"talos-worker-5","network_interface":[{"addresses":["192.168.100.153"],"bridge":"","hostname":"talos-worker-5","mac":"52:54:00:C2:E8:80","macvtap":"","network_id":"dd337c16-a1f5-4343-8c0f-b3fa01a9412a","network_name":"talos-network","passthrough":"","private":"","vepa":"","wait_for_lease":true}],"nvram":[],"qemu_agent":false,"running":true,"timeouts":null,"tpm":[],"type":"kvm","vcpu":2,"video":[{"type":"virtio"}],"xml":[]},"sensitive_attributes":[],"private":"eyJlMmJmYjczMC1lY2FhLTExZTYtOGY4OC0zNDM2M2JjN2M0YzAiOnsiY3JlYXRlIjozMDAwMDAwMDAwMDB9fQ==","dependencies":["libvirt_cloudinit_disk.worker_seed","libvirt_network.talos_network","libvirt_volume.talos_base","libvirt_volume.worker_disk","talos_image_factory_schematic.this","utility_file_downloader.talos_image"]},{"index_key":"talos-worker-6","schema_version":0,"attributes":{"arch":"x86_64","autostart":false,"boot_device":[],"cloudinit":null,"cmdline":[],"console":[{"source_host":"127.0.0.1","source_path":"","source_service":"0","target_port":"0","target_type":"serial","type":"pty"}],"coreos_ignition":null,"cpu":[{"mode":"host-passthrough"}],"description":"","disk":[{"block_device":"","file":"","scsi":false,"url":"","volume_id":"/var/lib/vms/mid-pool/talos-worker-6-disk.qcow2","wwn":""},{"block_device":"","file":"","scsi":false,"url":"","volume_id":"/var/lib/vms/mid-pool/talos-worker-6-cloudinit","wwn":""}],"emulator":"/usr/bin/qemu-system-x86_64","filesystem":[],"firmware":null,"fw_cfg_name":"opt/com.coreos/config","graphics":[{"autoport":true,"listen_address":"127.0.0.1","listen_type":"address","type":"spice","websocket":0}],"id":"874d5ff0-f743-4b7c-9454-f616ecfbc5e8","initrd":"","kernel":"","machine":"pc","memory":2048,"metadata":null,"name":"talos-worker-6","network_interface":[{"addresses":["192.168.100.173"],"bridge":"","hostname":"talos-worker-6","mac":"52:54:00:92:46:D6","macvtap":"","network_id":"dd337c16-a1f5-4343-8c0f-b3fa01a9412a","network_name":"talos-network","passthrough":"","private":"","vepa":"","wait_for_lease":true}],"nvram":[],"qemu_agent":false,"running":true,"timeouts":null,"tpm":[],"type":"kvm","vcpu":2,"video":[{"type":"virtio"}],"xml":[]},"sensitive_attributes":[],"private":"eyJlMmJmYjczMC1lY2FhLTExZTYtOGY4OC0zNDM2M2JjN2M0YzAiOnsiY3JlYXRlIjozMDAwMDAwMDAwMDB9fQ==","dependencies":["libvirt_cloudinit_disk.worker_seed","libvirt_network.talos_network","libvirt_volume.talos_base","libvirt_volume.worker_disk","talos_image_factory_schematic.this","utility_file_downloader.talos_image"]}]},{"mode":"managed","type":"libvirt_network","name":"bridge_network","provider":"provider[\"registry.opentofu.org/dmacvicar/libvirt\"]","instances":[{"schema_version":0,"attributes":{"addresses":null,"autostart":true,"bridge":"br0","dhcp":[],"dns":[],"dnsmasq_options":[],"domain":null,"id":"fb056f67-9294-4773-aadd-a6c80946d2a9","mode":"bridge","mtu":null,"name":"bridge-network","routes":[],"xml":[]},"sensitive_attributes":[],"private":"bnVsbA=="}]},{"mode":"managed","type":"libvirt_network","name":"talos_network","provider":"provider[\"registry.opentofu.org/dmacvicar/libvirt\"]","instances":[{"schema_version":0,"attributes":{"addresses":["192.168.100.0/24"],"autostart":true,"bridge":"virbr1","dhcp":[{"enabled":true}],"dns":[],"dnsmasq_options":[],"domain":null,"id":"dd337c16-a1f5-4343-8c0f-b3fa01a9412a","mode":"nat","mtu":null,"name":"talos-network","routes":[],"xml":[]},"sensitive_attributes":[],"private":"bnVsbA=="}]},{"mode":"managed","type":"libvirt_volume","name":"cp_disk","provider":"provider[\"registry.opentofu.org/dmacvicar/libvirt\"]","instances":[{"index_key":"talos-cp-1","schema_version":0,"attributes":{"base_volume_id":"/var/lib/vms/mid-pool/talos-base.qcow2","base_volume_name":null,"base_volume_pool":null,"format":"qcow2","id":"/var/lib/vms/mid-pool/talos-cp-1-disk.qcow2","name":"talos-cp-1-disk.qcow2","pool":"mid-pool","size":107374182400,"source":null,"xml":[]},"sensitive_attributes":[],"private":"bnVsbA==","dependencies":["libvirt_volume.talos_base","talos_image_factory_schematic.this","utility_file_downloader.talos_image"]},{"index_key":"talos-cp-2","schema_version":0,"attributes":{"base_volume_id":"/var/lib/vms/mid-pool/talos-base.qcow2","base_volume_name":null,"base_volume_pool":null,"format":"qcow2","id":"/var/lib/vms/mid-pool/talos-cp-2-disk.qcow2","name":"talos-cp-2-disk.qcow2","pool":"mid-pool","size":107374182400,"source":null,"xml":[]},"sensitive_attributes":[],"private":"bnVsbA==","dependencies":["libvirt_volume.talos_base","talos_image_factory_schematic.this","utility_file_downloader.talos_image"]},{"index_key":"talos-cp-3","schema_version":0,"attributes":{"base_volume_id":"/var/lib/vms/mid-pool/talos-base.qcow2","base_volume_name":null,"base_volume_pool":null,"format":"qcow2","id":"/var/lib/vms/mid-pool/talos-cp-3-disk.qcow2","name":"talos-cp-3-disk.qcow2","pool":"mid-pool","size":107374182400,"source":null,"xml":[]},"sensitive_attributes":[],"private":"bnVsbA==","dependencies":["libvirt_volume.talos_base","talos_image_factory_schematic.this","utility_file_downloader.talos_image"]}]},{"mode":"managed","type":"libvirt_volume","name":"debian_base","provider":"provider[\"registry.opentofu.org/dmacvicar/libvirt\"]","instances":[{"schema_version":0,"attributes":{"base_volume_id":null,"base_volume_name":null,"base_volume_pool":null,"format":"qcow2","id":"/var/lib/vms/mid-pool/debian-base.qcow2","name":"debian-base.qcow2","pool":"mid-pool","size":3221225472,"source":"./images/debian-13-generic-amd64.qcow2","xml":[]},"sensitive_attributes":[],"private":"bnVsbA==","dependencies":["utility_file_downloader.debian_image"]}]},{"mode":"managed","type":"libvirt_volume","name":"gateway_disk","provider":"provider[\"registry.opentofu.org/dmacvicar/libvirt\"]","instances":[{"index_key":"gateway-1","schema_version":0,"attributes":{"base_volume_id":"/var/lib/vms/mid-pool/debian-base.qcow2","base_volume_name":null,"base_volume_pool":null,"format":"qcow2","id":"/var/lib/vms/mid-pool/gateway-1-disk.qcow2","name":"gateway-1-disk.qcow2","pool":"mid-pool","size":53687091200,"source":null,"xml":[]},"sensitive_attributes":[],"private":"bnVsbA==","dependencies":["libvirt_volume.debian_base","utility_file_downloader.debian_image"]},{"index_key":"gateway-2","schema_version":0,"attributes":{"base_volume_id":"/var/lib/vms/mid-pool/debian-base.qcow2","base_volume_name":null,"base_volume_pool":null,"format":"qcow2","id":"/var/lib/vms/mid-pool/gateway-2-disk.qcow2","name":"gateway-2-disk.qcow2","pool":"mid-pool","size":53687091200,"source":null,"xml":[]},"sensitive_attributes":[],"private":"bnVsbA==","dependencies":["libvirt_volume.debian_base","utility_file_downloader.debian_image"]}]},{"mode":"managed","type":"libvirt_volume","name":"talos_base","provider":"provider[\"registry.opentofu.org/dmacvicar/libvirt\"]","instances":[{"schema_version":0,"attributes":{"base_volume_id":null,"base_volume_name":null,"base_volume_pool":null,"format":"qcow2","id":"/var/lib/vms/mid-pool/talos-base.qcow2","name":"talos-base.qcow2","pool":"mid-pool","size":4453302272,"source":"./images/talos-94114f5dbe67331c4f9b2be0eac92deb1575d3edd3cd2a59ec1731c2ad430d78-v1.12.2-nocloud-amd64.qcow2","xml":[]},"sensitive_attributes":[],"private":"bnVsbA==","dependencies":["talos_image_factory_schematic.this","utility_file_downloader.talos_image"]}]},{"mode":"managed","type":"libvirt_volume","name":"utility_disk","provider":"provider[\"registry.opentofu.org/dmacvicar/libvirt\"]","instances":[{"schema_version":0,"attributes":{"base_volume_id":"/var/lib/vms/mid-pool/debian-base.qcow2","base_volume_name":null,"base_volume_pool":null,"format":"qcow2","id":"/var/lib/vms/mid-pool/utility-disk.qcow2","name":"utility-disk.qcow2","pool":"mid-pool","size":53687091200,"source":null,"xml":[]},"sensitive_attributes":[],"private":"bnVsbA==","dependencies":["libvirt_volume.debian_base","utility_file_downloader.debian_image"]}]},{"mode":"managed","type":"libvirt_volume","name":"worker_disk","provider":"provider[\"registry.opentofu.org/dmacvicar/libvirt\"]","instances":[{"index_key":"talos-worker-1","schema_version":0,"attributes":{"base_volume_id":"/var/lib/vms/mid-pool/talos-base.qcow2","base_volume_name":null,"base_volume_pool":null,"format":"qcow2","id":"/var/lib/vms/mid-pool/talos-worker-1-disk.qcow2","name":"talos-worker-1-disk.qcow2","pool":"mid-pool","size":107374182400,"source":null,"xml":[]},"sensitive_attributes":[],"private":"bnVsbA==","dependencies":["libvirt_volume.talos_base","talos_image_factory_schematic.this","utility_file_downloader.talos_image"]},{"index_key":"talos-worker-2","schema_version":0,"attributes":{"base_volume_id":"/var/lib/vms/mid-pool/talos-base.qcow2","base_volume_name":null,"base_volume_pool":null,"format":"qcow2","id":"/var/lib/vms/mid-pool/talos-worker-2-disk.qcow2","name":"talos-worker-2-disk.qcow2","pool":"mid-pool","size":107374182400,"source":null,"xml":[]},"sensitive_attributes":[],"private":"bnVsbA==","dependencies":["libvirt_volume.talos_base","talos_image_factory_schematic.this","utility_file_downloader.talos_image"]},{"index_key":"talos-worker-3","schema_version":0,"attributes":{"base_volume_id":"/var/lib/vms/mid-pool/talos-base.qcow2","base_volume_name":null,"base_volume_pool":null,"format":"qcow2","id":"/var/lib/vms/mid-pool/talos-worker-3-disk.qcow2","name":"talos-worker-3-disk.qcow2","pool":"mid-pool","size":107374182400,"source":null,"xml":[]},"sensitive_attributes":[],"private":"bnVsbA==","dependencies":["libvirt_volume.talos_base","talos_image_factory_schematic.this","utility_file_downloader.talos_image"]},{"index_key":"talos-worker-4","schema_version":0,"attributes":{"base_volume_id":"/var/lib/vms/mid-pool/talos-base.qcow2","base_volume_name":null,"base_volume_pool":null,"format":"qcow2","id":"/var/lib/vms/mid-pool/talos-worker-4-disk.qcow2","name":"talos-worker-4-disk.qcow2","pool":"mid-pool","size":107374182400,"source":null,"xml":[]},"sensitive_attributes":[],"private":"bnVsbA==","dependencies":["libvirt_volume.talos_base","talos_image_factory_schematic.this","utility_file_downloader.talos_image"]},{"index_key":"talos-worker-5","schema_version":0,"attributes":{"base_volume_id":"/var/lib/vms/mid-pool/talos-base.qcow2","base_volume_name":null,"base_volume_pool":null,"format":"qcow2","id":"/var/lib/vms/mid-pool/talos-worker-5-disk.qcow2","name":"talos-worker-5-disk.qcow2","pool":"mid-pool","size":107374182400,"source":null,"xml":[]},"sensitive_attributes":[],"private":"bnVsbA==","dependencies":["libvirt_volume.talos_base","talos_image_factory_schematic.this","utility_file_downloader.talos_image"]},{"index_key":"talos-worker-6","schema_version":0,"attributes":{"base_volume_id":"/var/lib/vms/mid-pool/talos-base.qcow2","base_volume_name":null,"base_volume_pool":null,"format":"qcow2","id":"/var/lib/vms/mid-pool/talos-worker-6-disk.qcow2","name":"talos-worker-6-disk.qcow2","pool":"mid-pool","size":107374182400,"source":null,"xml":[]},"sensitive_attributes":[],"private":"bnVsbA==","dependencies":["libvirt_volume.talos_base","talos_image_factory_schematic.this","utility_file_downloader.talos_image"]}]},{"mode":"managed","type":"local_file","name":"env","provider":"provider[\"registry.opentofu.org/hashicorp/local\"]","instances":[{"schema_version":0,"attributes":{"content":"# Generated from Terraform. Talos node IPs from virsh domifaddr when VMs are running.\n\nCONTROL_PLANE_IP=(\"192.168.100.132\" \"192.168.100.149\" \"192.168.100.208\")\nWORKER_IP=(\"192.168.100.63\" \"192.168.100.139\" \"192.168.100.102\" \"192.168.100.98\" \"192.168.100.153\" \"192.168.100.173\")\n","content_base64":null,"content_base64sha256":"JFtgGKMVTbys/9w0fz7+Ics3xFU2v4FOh8kXVftVpHw=","content_base64sha512":"2exo9GBgahH4qCPGy4RPUV4R7wIVtE+Zx/tiouehKCWCUTs6YzJZ/mFyLcD2biC6sQdW3z9P0wZMdE2sYhD0Aw==","content_md5":"09b2685d098029a5403a0b32acd59bd3","content_sha1":"09ccbc9ba42dde57484a8539c9ae51ade503ac93","content_sha256":"245b6018a3154dbcacffdc347f3efe21cb37c45536bf814e87c91755fb55a47c","content_sha512":"d9ec68f460606a11f8a823c6cb844f515e11ef0215b44f99c7fb62a2e7a1282582513b3a633259fe61722dc0f66e20bab10756df3f4fd3064c744dac6210f403","directory_permission":"0777","file_permission":"0644","filename":"./talos-env.sh","id":"09ccbc9ba42dde57484a8539c9ae51ade503ac93","sensitive_content":null,"source":null},"sensitive_attributes":[[{"type":"get_attr","value":"sensitive_content"}]],"dependencies":["data.external.domain_ips"]}]},{"mode":"managed","type":"local_file","name":"inventory","provider":"provider[\"registry.opentofu.org/hashicorp/local\"]","instances":[{"schema_version":0,"attributes":{"content":"# Ansible inventory generated from Terraform (inventory.yml.tpl).\n# IPs from virsh domifaddr when VMs are running (qemu-guest-agent), else static vars.\n\nall:\n  children:\n    gateways:\n      hosts:\n        gateway-1:\n          ansible_host: 192.168.1.11\n        gateway-2:\n          ansible_host: 192.168.1.12\n\n    utility:\n      hosts:\n        utility:\n          ansible_host: 192.168.1.13\n\n    debian:\n      children:\n        gateways:\n        utility:\n\n    talos_control_plane:\n      hosts:\n        talos-cp-1:\n          ansible_host: 192.168.100.132\n        talos-cp-2:\n          ansible_host: 192.168.100.149\n        talos-cp-3:\n          ansible_host: 192.168.100.208\n\n    talos_workers:\n      hosts:\n        talos-worker-1:\n          ansible_host: 192.168.100.63\n        talos-worker-2:\n          ansible_host: 192.168.100.139\n        talos-worker-3:\n          ansible_host: 192.168.100.102\n        talos-worker-4:\n          ansible_host: 192.168.100.98\n        talos-worker-5:\n          ansible_host: 192.168.100.153\n        talos-worker-6:\n          ansible_host: 192.168.100.173\n\n  vars:\n    ansible_user: kakwa\n","content_base64":null,"content_base64sha256":"WEQQZWsH0MNmKQkSXCbEeIlbOCC6DEJpa5u/qkro+yU=","content_base64sha512":"OXkSpVKcRAVcrNZKzEb09zB0Z8XZtNCWnX6OghLCTwVfM6lHGjpGOu5iqAJjnwBgstg2N+8qN4VjJd881sNxgA==","content_md5":"fc023cb3f78e1625531a9a0116c69ec2","content_sha1":"17be92a9567fb10405c972b5f98fb32b2e25ec03","content_sha256":"584410656b07d0c3662909125c26c478895b3820ba0c42696b9bbfaa4ae8fb25","content_sha512":"397912a5529c44055cacd64acc46f4f7307467c5d9b4d0969d7e8e8212c24f055f33a9471a3a463aee62a802639f0060b2d83637ef2a37856325df3cd6c37180","directory_permission":"0777","file_permission":"0644","filename":"./inventory.yml","id":"17be92a9567fb10405c972b5f98fb32b2e25ec03","sensitive_content":null,"source":null},"sensitive_attributes":[[{"type":"get_attr","value":"sensitive_content"}]],"dependencies":["data.external.domain_ips"]}]},{"mode":"managed","type":"talos_image_factory_schematic","name":"this","provider":"provider[\"registry.opentofu.org/siderolabs/talos\"]","instances":[{"schema_version":0,"attributes":{"id":"94114f5dbe67331c4f9b2be0eac92deb1575d3edd3cd2a59ec1731c2ad430d78","schematic":"\"customization\":\n  \"systemExtensions\":\n    \"officialExtensions\":\n    - \"siderolabs/binfmt-misc\"\n    - \"siderolabs/qemu-guest-agent\"\n"},"sensitive_attributes":[]}]},{"mode":"managed","type":"utility_file_downloader","name":"debian_image","provider":"provider[\"registry.terraform.io/frontiersgg/utility\"]","instances":[{"schema_version":0,"attributes":{"filename":"./images/debian-13-generic-amd64.qcow2","force_download":null,"headers":null,"id":"7bc5d279ecbf3dea6c1fd5a3cf284977851dfed5","method":"GET","sha1":"7bc5d279ecbf3dea6c1fd5a3cf284977851dfed5","sha256":"68baa91f1d2aeedd1c2d5ef97e8a60a87d4bf03885573feccc9841aa1a4ba7d7","url":"https://cloud.debian.org/images/cloud/trixie/latest/debian-13-generic-amd64.qcow2"},"sensitive_attributes":[[{"type":"get_attr","value":"headers"}]]}]},{"mode":"managed","type":"utility_file_downloader","name":"talos_image","provider":"provider[\"registry.terraform.io/frontiersgg/utility\"]","instances":[{"schema_version":0,"attributes":{"filename":"./images/talos-94114f5dbe67331c4f9b2be0eac92deb1575d3edd3cd2a59ec1731c2ad430d78-v1.12.2-nocloud-amd64.qcow2","force_download":null,"headers":null,"id":"735228dea5da9e14dd732166e9aace386c34ff2e","method":"GET","sha1":"735228dea5da9e14dd732166e9aace386c34ff2e","sha256":"c4d2b3f652fd1c0afe0ed2d45c9d4fba5045ea5fb62c0f285c70e867bb136e90","url":"https://factory.talos.dev/image/94114f5dbe67331c4f9b2be0eac92deb1575d3edd3cd2a59ec1731c2ad430d78/v1.12.2/nocloud-amd64.qcow2"},"sensitive_attributes":[[{"type":"get_attr","value":"headers"}]],"dependencies":["talos_image_factory_schematic.this"]}]}],"check_results":null}
